
Microsoft Visual Studio Solution File, Format Version 12.00
# Visual Studio 15
VisualStudioVersion = 15.0.26430.4
MinimumVisualStudioVersion = 10.0.40219.1
Project("{840C416C-B8F3-42BC-B0DD-F6BB14C9F8CB}") = "Hero6.Installer.Windows", "Hero6.Installer.Windows.aiproj", "{F8A49E12-EBA1-4067-ADF1-E2BA91C11CFC}"
EndProject
Global
	GlobalSection(SolutionConfigurationPlatforms) = preSolution
		DefaultBuild|Default = DefaultBuild|Default
	EndGlobalSection
	GlobalSection(ProjectConfigurationPlatforms) = postSolution
		{F8A49E12-EBA1-4067-ADF1-E2BA91C11CFC}.DefaultBuild|Default.ActiveCfg = DefaultBuild
		{F8A49E12-EBA1-4067-ADF1-E2BA91C11CFC}.DefaultBuild|Default.Build.0 = DefaultBuild
	EndGlobalSection
	GlobalSection(SolutionProperties) = preSolution
		HideSolutionNode = FALSE
	EndGlobalSection
EndGlobal
