
Microsoft Visual Studio Solution File, Format Version 12.00
# Visual Studio 14
VisualStudioVersion = 14.0.25420.1
MinimumVisualStudioVersion = 10.0.40219.1
Project("{FAE04EC0-301F-11D3-BF4B-00C04F79EFBC}") = "Hero6.WindowsDX", "Hero6.WindowsDX\Hero6.WindowsDX.csproj", "{B0B2294D-FB45-47C3-A645-6C5884E7CFAB}"
EndProject
Project("{FAE04EC0-301F-11D3-BF4B-00C04F79EFBC}") = "Hero6.DesktopGL", "Hero6.DesktopGL\Hero6.DesktopGL.csproj", "{BB1758DB-3B4B-4F61-9272-F08F56E4C71C}"
EndProject
Project("{2150E333-8FDC-42A3-9474-1A3956D46DE8}") = "Applications", "Applications", "{887BCA83-96AC-4E83-BAF5-567626AF670B}"
EndProject
Project("{2150E333-8FDC-42A3-9474-1A3956D46DE8}") = "Campaigns", "Campaigns", "{EBCC2EA9-CA3F-4409-A052-58D4AE69E967}"
EndProject
Project("{FAE04EC0-301F-11D3-BF4B-00C04F79EFBC}") = "Hero6.Campaigns.RitesOfPassage", "Hero6.Campaigns.RitesOfPassage\Hero6.Campaigns.RitesOfPassage.csproj", "{DE807934-27EC-43A8-831F-15371284F11F}"
EndProject
Project("{2150E333-8FDC-42A3-9474-1A3956D46DE8}") = "Libraries", "Libraries", "{C7901A1A-E22C-468F-9E9A-9A891598E7D8}"
EndProject
Project("{FAE04EC0-301F-11D3-BF4B-00C04F79EFBC}") = "Collections", "Collections\Collections.csproj", "{596686F9-B236-4626-9841-CBB303EA58C7}"
EndProject
Project("{FAE04EC0-301F-11D3-BF4B-00C04F79EFBC}") = "Search", "Search\Search.csproj", "{5C4A5D3D-46CF-4DDD-A64D-D3043458E2D3}"
EndProject
Project("{2150E333-8FDC-42A3-9474-1A3956D46DE8}") = "Tests", "Tests", "{CB9FBBED-6835-4C03-AC4B-60ED8763AFC9}"
EndProject
Project("{D954291E-2A0B-460D-934E-DC6B0785DB48}") = "Hero6", "Hero6\Hero6.shproj", "{DF3851F5-AEA2-4D44-BAB1-88E63C470F30}"
EndProject
Project("{FAE04EC0-301F-11D3-BF4B-00C04F79EFBC}") = "AdventureGame", "AdventureGame\AdventureGame.csproj", "{0C0586A3-5A10-42CE-B609-CC80EE2CEF7A}"
EndProject
Project("{FAE04EC0-301F-11D3-BF4B-00C04F79EFBC}") = "Hero6.Android", "Hero6.Android\Hero6.Android.csproj", "{E49FF4CD-57A3-45A3-87F3-EDEF96923B20}"
EndProject
Project("{FAE04EC0-301F-11D3-BF4B-00C04F79EFBC}") = "Collections.Tests", "Collections.Tests\Collections.Tests.csproj", "{6BEE8AAC-A058-40B2-9009-76416AA682BA}"
EndProject
Project("{FAE04EC0-301F-11D3-BF4B-00C04F79EFBC}") = "Search.Tests", "Search.Tests\Search.Tests.csproj", "{18480A92-0609-481E-99AD-6C3346829573}"
EndProject
Project("{2150E333-8FDC-42A3-9474-1A3956D46DE8}") = ".paket", ".paket", "{8FAAE2BE-CD26-4E95-94AC-B2040AA7C8BA}"
	ProjectSection(SolutionItems) = preProject
		paket.dependencies = paket.dependencies
	EndProjectSection
EndProject
Project("{FAE04EC0-301F-11D3-BF4B-00C04F79EFBC}") = "Hero6.UserInterface.SierraVga", "Hero6.UserInterface.SierraVga\Hero6.UserInterface.SierraVga.csproj", "{9C6A0DA4-892E-45C0-AFC7-B6D46F940329}"
	ProjectSection(ProjectDependencies) = postProject
		{EE485FED-F27E-4463-B58E-C8D639A2E5BB} = {EE485FED-F27E-4463-B58E-C8D639A2E5BB}
	EndProjectSection
EndProject
Project("{FAE04EC0-301F-11D3-BF4B-00C04F79EFBC}") = "Hero6.WindowsDX.Tests", "Hero6.WindowsDX.Tests\Hero6.WindowsDX.Tests.csproj", "{C42A8C34-3145-41B2-B16A-D93D796DB437}"
EndProject
Project("{D954291E-2A0B-460D-934E-DC6B0785DB48}") = "Hero6.Tests", "Hero6.Tests\Hero6.Tests.shproj", "{B59E1A53-68B3-4D31-8B69-CEFC3D5CEBB4}"
EndProject
Project("{FAE04EC0-301F-11D3-BF4B-00C04F79EFBC}") = "Hero6.DesktopGL.Tests", "Hero6.DesktopGL.Tests\Hero6.DesktopGL.Tests.csproj", "{104B4CAF-4818-45DC-A772-2F5279C73E5A}"
EndProject
Project("{2150E333-8FDC-42A3-9474-1A3956D46DE8}") = "GUIs", "GUIs", "{863F4FF3-CB11-4C12-B99F-AA8CB0D9787D}"
EndProject
Project("{FAE04EC0-301F-11D3-BF4B-00C04F79EFBC}") = "Hero6.UserInterface.SierraVga.Xaml", "Hero6.UserInterface.SierraVga.Xaml\Hero6.UserInterface.SierraVga.Xaml.csproj", "{EE485FED-F27E-4463-B58E-C8D639A2E5BB}"
EndProject
Project("{840C416C-B8F3-42BC-B0DD-F6BB14C9F8CB}") = "Hero6.Installer.Windows", "Hero6.Installer.Windows\Hero6.Installer.Windows.aiproj", "{F8A49E12-EBA1-4067-ADF1-E2BA91C11CFC}"
	ProjectSection(ProjectDependencies) = postProject
		{B0B2294D-FB45-47C3-A645-6C5884E7CFAB} = {B0B2294D-FB45-47C3-A645-6C5884E7CFAB}
	EndProjectSection
EndProject
Global
	GlobalSection(SharedMSBuildProjectFiles) = preSolution
		Hero6.Tests\Hero6.Tests.projitems*{104b4caf-4818-45dc-a772-2f5279c73e5a}*SharedItemsImports = 4
		Hero6\Hero6.projitems*{104b4caf-4818-45dc-a772-2f5279c73e5a}*SharedItemsImports = 4
		Hero6\Hero6.projitems*{b0b2294d-fb45-47c3-a645-6c5884e7cfab}*SharedItemsImports = 4
		Hero6.Tests\Hero6.Tests.projitems*{b59e1a53-68b3-4d31-8b69-cefc3d5cebb4}*SharedItemsImports = 13
		Hero6\Hero6.projitems*{bb1758db-3b4b-4f61-9272-f08f56e4c71c}*SharedItemsImports = 4
		Hero6.Tests\Hero6.Tests.projitems*{c42a8c34-3145-41b2-b16a-d93d796db437}*SharedItemsImports = 4
		Hero6\Hero6.projitems*{c42a8c34-3145-41b2-b16a-d93d796db437}*SharedItemsImports = 4
		Hero6\Hero6.projitems*{df3851f5-aea2-4d44-bab1-88e63c470f30}*SharedItemsImports = 13
		Hero6\Hero6.projitems*{e49ff4cd-57a3-45a3-87f3-edef96923b20}*SharedItemsImports = 4
	EndGlobalSection
	GlobalSection(SolutionConfigurationPlatforms) = preSolution
		Android Debug|Any CPU = Android Debug|Any CPU
		Android Debug|x86 = Android Debug|x86
		Android Release|Any CPU = Android Release|Any CPU
		Android Release|x86 = Android Release|x86
		Debug|Any CPU = Debug|Any CPU
		Debug|x86 = Debug|x86
		Release|Any CPU = Release|Any CPU
		Release|x86 = Release|x86
		WindowsDX Debug|Any CPU = WindowsDX Debug|Any CPU
		WindowsDX Debug|x86 = WindowsDX Debug|x86
		WindowsDX Release|Any CPU = WindowsDX Release|Any CPU
		WindowsDX Release|x86 = WindowsDX Release|x86
	EndGlobalSection
	GlobalSection(ProjectConfigurationPlatforms) = postSolution
		{B0B2294D-FB45-47C3-A645-6C5884E7CFAB}.Android Debug|Any CPU.ActiveCfg = Debug|x86
		{B0B2294D-FB45-47C3-A645-6C5884E7CFAB}.Android Debug|x86.ActiveCfg = Debug|x86
		{B0B2294D-FB45-47C3-A645-6C5884E7CFAB}.Android Debug|x86.Build.0 = Debug|x86
		{B0B2294D-FB45-47C3-A645-6C5884E7CFAB}.Android Release|Any CPU.ActiveCfg = Release|x86
		{B0B2294D-FB45-47C3-A645-6C5884E7CFAB}.Android Release|x86.ActiveCfg = Release|x86
		{B0B2294D-FB45-47C3-A645-6C5884E7CFAB}.Android Release|x86.Build.0 = Release|x86
		{B0B2294D-FB45-47C3-A645-6C5884E7CFAB}.Debug|Any CPU.ActiveCfg = Debug|x86
		{B0B2294D-FB45-47C3-A645-6C5884E7CFAB}.Debug|x86.ActiveCfg = Debug|x86
		{B0B2294D-FB45-47C3-A645-6C5884E7CFAB}.Debug|x86.Build.0 = Debug|x86
		{B0B2294D-FB45-47C3-A645-6C5884E7CFAB}.Release|Any CPU.ActiveCfg = Release|x86
		{B0B2294D-FB45-47C3-A645-6C5884E7CFAB}.Release|x86.ActiveCfg = Release|x86
		{B0B2294D-FB45-47C3-A645-6C5884E7CFAB}.Release|x86.Build.0 = Release|x86
		{B0B2294D-FB45-47C3-A645-6C5884E7CFAB}.WindowsDX Debug|Any CPU.ActiveCfg = Debug|x86
		{B0B2294D-FB45-47C3-A645-6C5884E7CFAB}.WindowsDX Debug|Any CPU.Build.0 = Debug|x86
		{B0B2294D-FB45-47C3-A645-6C5884E7CFAB}.WindowsDX Debug|x86.ActiveCfg = Debug|x86
		{B0B2294D-FB45-47C3-A645-6C5884E7CFAB}.WindowsDX Debug|x86.Build.0 = Debug|x86
		{B0B2294D-FB45-47C3-A645-6C5884E7CFAB}.WindowsDX Release|Any CPU.ActiveCfg = Release|x86
		{B0B2294D-FB45-47C3-A645-6C5884E7CFAB}.WindowsDX Release|Any CPU.Build.0 = Release|x86
		{B0B2294D-FB45-47C3-A645-6C5884E7CFAB}.WindowsDX Release|x86.ActiveCfg = Release|x86
		{B0B2294D-FB45-47C3-A645-6C5884E7CFAB}.WindowsDX Release|x86.Build.0 = Release|x86
		{BB1758DB-3B4B-4F61-9272-F08F56E4C71C}.Android Debug|Any CPU.ActiveCfg = Debug|x86
		{BB1758DB-3B4B-4F61-9272-F08F56E4C71C}.Android Debug|x86.ActiveCfg = Debug|x86
		{BB1758DB-3B4B-4F61-9272-F08F56E4C71C}.Android Debug|x86.Build.0 = Debug|x86
		{BB1758DB-3B4B-4F61-9272-F08F56E4C71C}.Android Release|Any CPU.ActiveCfg = Release|x86
		{BB1758DB-3B4B-4F61-9272-F08F56E4C71C}.Android Release|x86.ActiveCfg = Release|x86
		{BB1758DB-3B4B-4F61-9272-F08F56E4C71C}.Android Release|x86.Build.0 = Release|x86
		{BB1758DB-3B4B-4F61-9272-F08F56E4C71C}.Debug|Any CPU.ActiveCfg = Debug|x86
		{BB1758DB-3B4B-4F61-9272-F08F56E4C71C}.Debug|Any CPU.Build.0 = Debug|x86
		{BB1758DB-3B4B-4F61-9272-F08F56E4C71C}.Debug|x86.ActiveCfg = Debug|x86
		{BB1758DB-3B4B-4F61-9272-F08F56E4C71C}.Debug|x86.Build.0 = Debug|x86
		{BB1758DB-3B4B-4F61-9272-F08F56E4C71C}.Release|Any CPU.ActiveCfg = Release|x86
		{BB1758DB-3B4B-4F61-9272-F08F56E4C71C}.Release|Any CPU.Build.0 = Release|x86
		{BB1758DB-3B4B-4F61-9272-F08F56E4C71C}.Release|x86.ActiveCfg = Release|x86
		{BB1758DB-3B4B-4F61-9272-F08F56E4C71C}.Release|x86.Build.0 = Release|x86
		{BB1758DB-3B4B-4F61-9272-F08F56E4C71C}.WindowsDX Debug|Any CPU.ActiveCfg = Debug|x86
		{BB1758DB-3B4B-4F61-9272-F08F56E4C71C}.WindowsDX Debug|x86.ActiveCfg = Debug|x86
		{BB1758DB-3B4B-4F61-9272-F08F56E4C71C}.WindowsDX Debug|x86.Build.0 = Debug|x86
		{BB1758DB-3B4B-4F61-9272-F08F56E4C71C}.WindowsDX Release|Any CPU.ActiveCfg = Release|x86
		{BB1758DB-3B4B-4F61-9272-F08F56E4C71C}.WindowsDX Release|x86.ActiveCfg = Release|x86
		{BB1758DB-3B4B-4F61-9272-F08F56E4C71C}.WindowsDX Release|x86.Build.0 = Release|x86
		{DE807934-27EC-43A8-831F-15371284F11F}.Android Debug|Any CPU.ActiveCfg = Debug|Any CPU
		{DE807934-27EC-43A8-831F-15371284F11F}.Android Debug|Any CPU.Build.0 = Debug|Any CPU
		{DE807934-27EC-43A8-831F-15371284F11F}.Android Debug|x86.ActiveCfg = Debug|Any CPU
		{DE807934-27EC-43A8-831F-15371284F11F}.Android Debug|x86.Build.0 = Debug|Any CPU
		{DE807934-27EC-43A8-831F-15371284F11F}.Android Release|Any CPU.ActiveCfg = Release|Any CPU
		{DE807934-27EC-43A8-831F-15371284F11F}.Android Release|Any CPU.Build.0 = Release|Any CPU
		{DE807934-27EC-43A8-831F-15371284F11F}.Android Release|x86.ActiveCfg = Release|Any CPU
		{DE807934-27EC-43A8-831F-15371284F11F}.Android Release|x86.Build.0 = Release|Any CPU
		{DE807934-27EC-43A8-831F-15371284F11F}.Debug|Any CPU.ActiveCfg = Debug|Any CPU
		{DE807934-27EC-43A8-831F-15371284F11F}.Debug|Any CPU.Build.0 = Debug|Any CPU
		{DE807934-27EC-43A8-831F-15371284F11F}.Debug|x86.ActiveCfg = Debug|Any CPU
		{DE807934-27EC-43A8-831F-15371284F11F}.Debug|x86.Build.0 = Debug|Any CPU
		{DE807934-27EC-43A8-831F-15371284F11F}.Release|Any CPU.ActiveCfg = Release|Any CPU
		{DE807934-27EC-43A8-831F-15371284F11F}.Release|Any CPU.Build.0 = Release|Any CPU
		{DE807934-27EC-43A8-831F-15371284F11F}.Release|x86.ActiveCfg = Release|Any CPU
		{DE807934-27EC-43A8-831F-15371284F11F}.Release|x86.Build.0 = Release|Any CPU
		{DE807934-27EC-43A8-831F-15371284F11F}.WindowsDX Debug|Any CPU.ActiveCfg = Debug|Any CPU
		{DE807934-27EC-43A8-831F-15371284F11F}.WindowsDX Debug|Any CPU.Build.0 = Debug|Any CPU
		{DE807934-27EC-43A8-831F-15371284F11F}.WindowsDX Debug|x86.ActiveCfg = Debug|Any CPU
		{DE807934-27EC-43A8-831F-15371284F11F}.WindowsDX Debug|x86.Build.0 = Debug|Any CPU
		{DE807934-27EC-43A8-831F-15371284F11F}.WindowsDX Release|Any CPU.ActiveCfg = Release|Any CPU
		{DE807934-27EC-43A8-831F-15371284F11F}.WindowsDX Release|Any CPU.Build.0 = Release|Any CPU
		{DE807934-27EC-43A8-831F-15371284F11F}.WindowsDX Release|x86.ActiveCfg = Release|Any CPU
		{DE807934-27EC-43A8-831F-15371284F11F}.WindowsDX Release|x86.Build.0 = Release|Any CPU
		{596686F9-B236-4626-9841-CBB303EA58C7}.Android Debug|Any CPU.ActiveCfg = Debug|Any CPU
		{596686F9-B236-4626-9841-CBB303EA58C7}.Android Debug|Any CPU.Build.0 = Debug|Any CPU
		{596686F9-B236-4626-9841-CBB303EA58C7}.Android Debug|x86.ActiveCfg = Debug|Any CPU
		{596686F9-B236-4626-9841-CBB303EA58C7}.Android Debug|x86.Build.0 = Debug|Any CPU
		{596686F9-B236-4626-9841-CBB303EA58C7}.Android Release|Any CPU.ActiveCfg = Release|Any CPU
		{596686F9-B236-4626-9841-CBB303EA58C7}.Android Release|Any CPU.Build.0 = Release|Any CPU
		{596686F9-B236-4626-9841-CBB303EA58C7}.Android Release|x86.ActiveCfg = Release|Any CPU
		{596686F9-B236-4626-9841-CBB303EA58C7}.Android Release|x86.Build.0 = Release|Any CPU
		{596686F9-B236-4626-9841-CBB303EA58C7}.Debug|Any CPU.ActiveCfg = Debug|Any CPU
		{596686F9-B236-4626-9841-CBB303EA58C7}.Debug|Any CPU.Build.0 = Debug|Any CPU
		{596686F9-B236-4626-9841-CBB303EA58C7}.Debug|x86.ActiveCfg = Debug|Any CPU
		{596686F9-B236-4626-9841-CBB303EA58C7}.Debug|x86.Build.0 = Debug|Any CPU
		{596686F9-B236-4626-9841-CBB303EA58C7}.Release|Any CPU.ActiveCfg = Release|Any CPU
		{596686F9-B236-4626-9841-CBB303EA58C7}.Release|Any CPU.Build.0 = Release|Any CPU
		{596686F9-B236-4626-9841-CBB303EA58C7}.Release|x86.ActiveCfg = Release|Any CPU
		{596686F9-B236-4626-9841-CBB303EA58C7}.Release|x86.Build.0 = Release|Any CPU
		{596686F9-B236-4626-9841-CBB303EA58C7}.WindowsDX Debug|Any CPU.ActiveCfg = Debug|Any CPU
		{596686F9-B236-4626-9841-CBB303EA58C7}.WindowsDX Debug|Any CPU.Build.0 = Debug|Any CPU
		{596686F9-B236-4626-9841-CBB303EA58C7}.WindowsDX Debug|x86.ActiveCfg = Debug|Any CPU
		{596686F9-B236-4626-9841-CBB303EA58C7}.WindowsDX Debug|x86.Build.0 = Debug|Any CPU
		{596686F9-B236-4626-9841-CBB303EA58C7}.WindowsDX Release|Any CPU.ActiveCfg = Release|Any CPU
		{596686F9-B236-4626-9841-CBB303EA58C7}.WindowsDX Release|Any CPU.Build.0 = Release|Any CPU
		{596686F9-B236-4626-9841-CBB303EA58C7}.WindowsDX Release|x86.ActiveCfg = Release|Any CPU
		{596686F9-B236-4626-9841-CBB303EA58C7}.WindowsDX Release|x86.Build.0 = Release|Any CPU
		{5C4A5D3D-46CF-4DDD-A64D-D3043458E2D3}.Android Debug|Any CPU.ActiveCfg = Debug|Any CPU
		{5C4A5D3D-46CF-4DDD-A64D-D3043458E2D3}.Android Debug|Any CPU.Build.0 = Debug|Any CPU
		{5C4A5D3D-46CF-4DDD-A64D-D3043458E2D3}.Android Debug|x86.ActiveCfg = Debug|Any CPU
		{5C4A5D3D-46CF-4DDD-A64D-D3043458E2D3}.Android Debug|x86.Build.0 = Debug|Any CPU
		{5C4A5D3D-46CF-4DDD-A64D-D3043458E2D3}.Android Release|Any CPU.ActiveCfg = Release|Any CPU
		{5C4A5D3D-46CF-4DDD-A64D-D3043458E2D3}.Android Release|Any CPU.Build.0 = Release|Any CPU
		{5C4A5D3D-46CF-4DDD-A64D-D3043458E2D3}.Android Release|x86.ActiveCfg = Release|Any CPU
		{5C4A5D3D-46CF-4DDD-A64D-D3043458E2D3}.Android Release|x86.Build.0 = Release|Any CPU
		{5C4A5D3D-46CF-4DDD-A64D-D3043458E2D3}.Debug|Any CPU.ActiveCfg = Debug|Any CPU
		{5C4A5D3D-46CF-4DDD-A64D-D3043458E2D3}.Debug|Any CPU.Build.0 = Debug|Any CPU
		{5C4A5D3D-46CF-4DDD-A64D-D3043458E2D3}.Debug|x86.ActiveCfg = Debug|Any CPU
		{5C4A5D3D-46CF-4DDD-A64D-D3043458E2D3}.Debug|x86.Build.0 = Debug|Any CPU
		{5C4A5D3D-46CF-4DDD-A64D-D3043458E2D3}.Release|Any CPU.ActiveCfg = Release|Any CPU
		{5C4A5D3D-46CF-4DDD-A64D-D3043458E2D3}.Release|Any CPU.Build.0 = Release|Any CPU
		{5C4A5D3D-46CF-4DDD-A64D-D3043458E2D3}.Release|x86.ActiveCfg = Release|Any CPU
		{5C4A5D3D-46CF-4DDD-A64D-D3043458E2D3}.Release|x86.Build.0 = Release|Any CPU
		{5C4A5D3D-46CF-4DDD-A64D-D3043458E2D3}.WindowsDX Debug|Any CPU.ActiveCfg = Debug|Any CPU
		{5C4A5D3D-46CF-4DDD-A64D-D3043458E2D3}.WindowsDX Debug|Any CPU.Build.0 = Debug|Any CPU
		{5C4A5D3D-46CF-4DDD-A64D-D3043458E2D3}.WindowsDX Debug|x86.ActiveCfg = Debug|Any CPU
		{5C4A5D3D-46CF-4DDD-A64D-D3043458E2D3}.WindowsDX Debug|x86.Build.0 = Debug|Any CPU
		{5C4A5D3D-46CF-4DDD-A64D-D3043458E2D3}.WindowsDX Release|Any CPU.ActiveCfg = Release|Any CPU
		{5C4A5D3D-46CF-4DDD-A64D-D3043458E2D3}.WindowsDX Release|Any CPU.Build.0 = Release|Any CPU
		{5C4A5D3D-46CF-4DDD-A64D-D3043458E2D3}.WindowsDX Release|x86.ActiveCfg = Release|Any CPU
		{5C4A5D3D-46CF-4DDD-A64D-D3043458E2D3}.WindowsDX Release|x86.Build.0 = Release|Any CPU
		{0C0586A3-5A10-42CE-B609-CC80EE2CEF7A}.Android Debug|Any CPU.ActiveCfg = Debug|Any CPU
		{0C0586A3-5A10-42CE-B609-CC80EE2CEF7A}.Android Debug|Any CPU.Build.0 = Debug|Any CPU
		{0C0586A3-5A10-42CE-B609-CC80EE2CEF7A}.Android Debug|x86.ActiveCfg = Debug|Any CPU
		{0C0586A3-5A10-42CE-B609-CC80EE2CEF7A}.Android Debug|x86.Build.0 = Debug|Any CPU
		{0C0586A3-5A10-42CE-B609-CC80EE2CEF7A}.Android Release|Any CPU.ActiveCfg = Release|Any CPU
		{0C0586A3-5A10-42CE-B609-CC80EE2CEF7A}.Android Release|Any CPU.Build.0 = Release|Any CPU
		{0C0586A3-5A10-42CE-B609-CC80EE2CEF7A}.Android Release|x86.ActiveCfg = Release|Any CPU
		{0C0586A3-5A10-42CE-B609-CC80EE2CEF7A}.Android Release|x86.Build.0 = Release|Any CPU
		{0C0586A3-5A10-42CE-B609-CC80EE2CEF7A}.Debug|Any CPU.ActiveCfg = Debug|Any CPU
		{0C0586A3-5A10-42CE-B609-CC80EE2CEF7A}.Debug|Any CPU.Build.0 = Debug|Any CPU
		{0C0586A3-5A10-42CE-B609-CC80EE2CEF7A}.Debug|x86.ActiveCfg = Debug|Any CPU
		{0C0586A3-5A10-42CE-B609-CC80EE2CEF7A}.Debug|x86.Build.0 = Debug|Any CPU
		{0C0586A3-5A10-42CE-B609-CC80EE2CEF7A}.Release|Any CPU.ActiveCfg = Release|Any CPU
		{0C0586A3-5A10-42CE-B609-CC80EE2CEF7A}.Release|Any CPU.Build.0 = Release|Any CPU
		{0C0586A3-5A10-42CE-B609-CC80EE2CEF7A}.Release|x86.ActiveCfg = Release|Any CPU
		{0C0586A3-5A10-42CE-B609-CC80EE2CEF7A}.Release|x86.Build.0 = Release|Any CPU
		{0C0586A3-5A10-42CE-B609-CC80EE2CEF7A}.WindowsDX Debug|Any CPU.ActiveCfg = Debug|Any CPU
		{0C0586A3-5A10-42CE-B609-CC80EE2CEF7A}.WindowsDX Debug|Any CPU.Build.0 = Debug|Any CPU
		{0C0586A3-5A10-42CE-B609-CC80EE2CEF7A}.WindowsDX Debug|x86.ActiveCfg = Debug|Any CPU
		{0C0586A3-5A10-42CE-B609-CC80EE2CEF7A}.WindowsDX Debug|x86.Build.0 = Debug|Any CPU
		{0C0586A3-5A10-42CE-B609-CC80EE2CEF7A}.WindowsDX Release|Any CPU.ActiveCfg = Release|Any CPU
		{0C0586A3-5A10-42CE-B609-CC80EE2CEF7A}.WindowsDX Release|Any CPU.Build.0 = Release|Any CPU
		{0C0586A3-5A10-42CE-B609-CC80EE2CEF7A}.WindowsDX Release|x86.ActiveCfg = Release|Any CPU
		{0C0586A3-5A10-42CE-B609-CC80EE2CEF7A}.WindowsDX Release|x86.Build.0 = Release|Any CPU
		{E49FF4CD-57A3-45A3-87F3-EDEF96923B20}.Android Debug|Any CPU.ActiveCfg = Debug|Any CPU
		{E49FF4CD-57A3-45A3-87F3-EDEF96923B20}.Android Debug|Any CPU.Build.0 = Debug|Any CPU
		{E49FF4CD-57A3-45A3-87F3-EDEF96923B20}.Android Debug|Any CPU.Deploy.0 = Debug|Any CPU
		{E49FF4CD-57A3-45A3-87F3-EDEF96923B20}.Android Debug|x86.ActiveCfg = Debug|Any CPU
		{E49FF4CD-57A3-45A3-87F3-EDEF96923B20}.Android Debug|x86.Build.0 = Debug|Any CPU
		{E49FF4CD-57A3-45A3-87F3-EDEF96923B20}.Android Debug|x86.Deploy.0 = Debug|Any CPU
		{E49FF4CD-57A3-45A3-87F3-EDEF96923B20}.Android Release|Any CPU.ActiveCfg = Release|Any CPU
		{E49FF4CD-57A3-45A3-87F3-EDEF96923B20}.Android Release|Any CPU.Build.0 = Release|Any CPU
		{E49FF4CD-57A3-45A3-87F3-EDEF96923B20}.Android Release|Any CPU.Deploy.0 = Release|Any CPU
		{E49FF4CD-57A3-45A3-87F3-EDEF96923B20}.Android Release|x86.ActiveCfg = Release|Any CPU
		{E49FF4CD-57A3-45A3-87F3-EDEF96923B20}.Android Release|x86.Build.0 = Release|Any CPU
		{E49FF4CD-57A3-45A3-87F3-EDEF96923B20}.Android Release|x86.Deploy.0 = Release|Any CPU
		{E49FF4CD-57A3-45A3-87F3-EDEF96923B20}.Debug|Any CPU.ActiveCfg = Debug|Any CPU
		{E49FF4CD-57A3-45A3-87F3-EDEF96923B20}.Debug|x86.ActiveCfg = Debug|Any CPU
		{E49FF4CD-57A3-45A3-87F3-EDEF96923B20}.Debug|x86.Build.0 = Debug|Any CPU
		{E49FF4CD-57A3-45A3-87F3-EDEF96923B20}.Debug|x86.Deploy.0 = Debug|Any CPU
		{E49FF4CD-57A3-45A3-87F3-EDEF96923B20}.Release|Any CPU.ActiveCfg = Release|Any CPU
		{E49FF4CD-57A3-45A3-87F3-EDEF96923B20}.Release|x86.ActiveCfg = Release|Any CPU
		{E49FF4CD-57A3-45A3-87F3-EDEF96923B20}.Release|x86.Build.0 = Release|Any CPU
		{E49FF4CD-57A3-45A3-87F3-EDEF96923B20}.Release|x86.Deploy.0 = Release|Any CPU
		{E49FF4CD-57A3-45A3-87F3-EDEF96923B20}.WindowsDX Debug|Any CPU.ActiveCfg = Debug|Any CPU
		{E49FF4CD-57A3-45A3-87F3-EDEF96923B20}.WindowsDX Debug|x86.ActiveCfg = Debug|Any CPU
		{E49FF4CD-57A3-45A3-87F3-EDEF96923B20}.WindowsDX Debug|x86.Build.0 = Debug|Any CPU
		{E49FF4CD-57A3-45A3-87F3-EDEF96923B20}.WindowsDX Debug|x86.Deploy.0 = Debug|Any CPU
		{E49FF4CD-57A3-45A3-87F3-EDEF96923B20}.WindowsDX Release|Any CPU.ActiveCfg = Release|Any CPU
		{E49FF4CD-57A3-45A3-87F3-EDEF96923B20}.WindowsDX Release|x86.ActiveCfg = Release|Any CPU
		{E49FF4CD-57A3-45A3-87F3-EDEF96923B20}.WindowsDX Release|x86.Build.0 = Release|Any CPU
		{E49FF4CD-57A3-45A3-87F3-EDEF96923B20}.WindowsDX Release|x86.Deploy.0 = Release|Any CPU
		{6BEE8AAC-A058-40B2-9009-76416AA682BA}.Android Debug|Any CPU.ActiveCfg = Debug|Any CPU
		{6BEE8AAC-A058-40B2-9009-76416AA682BA}.Android Debug|Any CPU.Build.0 = Debug|Any CPU
		{6BEE8AAC-A058-40B2-9009-76416AA682BA}.Android Debug|x86.ActiveCfg = Debug|Any CPU
		{6BEE8AAC-A058-40B2-9009-76416AA682BA}.Android Debug|x86.Build.0 = Debug|Any CPU
		{6BEE8AAC-A058-40B2-9009-76416AA682BA}.Android Release|Any CPU.ActiveCfg = Release|Any CPU
		{6BEE8AAC-A058-40B2-9009-76416AA682BA}.Android Release|Any CPU.Build.0 = Release|Any CPU
		{6BEE8AAC-A058-40B2-9009-76416AA682BA}.Android Release|x86.ActiveCfg = Release|Any CPU
		{6BEE8AAC-A058-40B2-9009-76416AA682BA}.Android Release|x86.Build.0 = Release|Any CPU
		{6BEE8AAC-A058-40B2-9009-76416AA682BA}.Debug|Any CPU.ActiveCfg = Debug|Any CPU
		{6BEE8AAC-A058-40B2-9009-76416AA682BA}.Debug|Any CPU.Build.0 = Debug|Any CPU
		{6BEE8AAC-A058-40B2-9009-76416AA682BA}.Debug|x86.ActiveCfg = Debug|Any CPU
		{6BEE8AAC-A058-40B2-9009-76416AA682BA}.Debug|x86.Build.0 = Debug|Any CPU
		{6BEE8AAC-A058-40B2-9009-76416AA682BA}.Release|Any CPU.ActiveCfg = Release|Any CPU
		{6BEE8AAC-A058-40B2-9009-76416AA682BA}.Release|Any CPU.Build.0 = Release|Any CPU
		{6BEE8AAC-A058-40B2-9009-76416AA682BA}.Release|x86.ActiveCfg = Release|Any CPU
		{6BEE8AAC-A058-40B2-9009-76416AA682BA}.Release|x86.Build.0 = Release|Any CPU
		{6BEE8AAC-A058-40B2-9009-76416AA682BA}.WindowsDX Debug|Any CPU.ActiveCfg = Debug|Any CPU
		{6BEE8AAC-A058-40B2-9009-76416AA682BA}.WindowsDX Debug|Any CPU.Build.0 = Debug|Any CPU
		{6BEE8AAC-A058-40B2-9009-76416AA682BA}.WindowsDX Debug|x86.ActiveCfg = Debug|Any CPU
		{6BEE8AAC-A058-40B2-9009-76416AA682BA}.WindowsDX Debug|x86.Build.0 = Debug|Any CPU
		{6BEE8AAC-A058-40B2-9009-76416AA682BA}.WindowsDX Release|Any CPU.ActiveCfg = Release|Any CPU
		{6BEE8AAC-A058-40B2-9009-76416AA682BA}.WindowsDX Release|Any CPU.Build.0 = Release|Any CPU
		{6BEE8AAC-A058-40B2-9009-76416AA682BA}.WindowsDX Release|x86.ActiveCfg = Release|Any CPU
		{6BEE8AAC-A058-40B2-9009-76416AA682BA}.WindowsDX Release|x86.Build.0 = Release|Any CPU
		{18480A92-0609-481E-99AD-6C3346829573}.Android Debug|Any CPU.ActiveCfg = Debug|Any CPU
		{18480A92-0609-481E-99AD-6C3346829573}.Android Debug|Any CPU.Build.0 = Debug|Any CPU
		{18480A92-0609-481E-99AD-6C3346829573}.Android Debug|x86.ActiveCfg = Debug|Any CPU
		{18480A92-0609-481E-99AD-6C3346829573}.Android Debug|x86.Build.0 = Debug|Any CPU
		{18480A92-0609-481E-99AD-6C3346829573}.Android Release|Any CPU.ActiveCfg = Release|Any CPU
		{18480A92-0609-481E-99AD-6C3346829573}.Android Release|Any CPU.Build.0 = Release|Any CPU
		{18480A92-0609-481E-99AD-6C3346829573}.Android Release|x86.ActiveCfg = Release|Any CPU
		{18480A92-0609-481E-99AD-6C3346829573}.Android Release|x86.Build.0 = Release|Any CPU
		{18480A92-0609-481E-99AD-6C3346829573}.Debug|Any CPU.ActiveCfg = Debug|Any CPU
		{18480A92-0609-481E-99AD-6C3346829573}.Debug|Any CPU.Build.0 = Debug|Any CPU
		{18480A92-0609-481E-99AD-6C3346829573}.Debug|x86.ActiveCfg = Debug|Any CPU
		{18480A92-0609-481E-99AD-6C3346829573}.Debug|x86.Build.0 = Debug|Any CPU
		{18480A92-0609-481E-99AD-6C3346829573}.Release|Any CPU.ActiveCfg = Release|Any CPU
		{18480A92-0609-481E-99AD-6C3346829573}.Release|Any CPU.Build.0 = Release|Any CPU
		{18480A92-0609-481E-99AD-6C3346829573}.Release|x86.ActiveCfg = Release|Any CPU
		{18480A92-0609-481E-99AD-6C3346829573}.Release|x86.Build.0 = Release|Any CPU
		{18480A92-0609-481E-99AD-6C3346829573}.WindowsDX Debug|Any CPU.ActiveCfg = Debug|Any CPU
		{18480A92-0609-481E-99AD-6C3346829573}.WindowsDX Debug|Any CPU.Build.0 = Debug|Any CPU
		{18480A92-0609-481E-99AD-6C3346829573}.WindowsDX Debug|x86.ActiveCfg = Debug|Any CPU
		{18480A92-0609-481E-99AD-6C3346829573}.WindowsDX Debug|x86.Build.0 = Debug|Any CPU
		{18480A92-0609-481E-99AD-6C3346829573}.WindowsDX Release|Any CPU.ActiveCfg = Release|Any CPU
		{18480A92-0609-481E-99AD-6C3346829573}.WindowsDX Release|Any CPU.Build.0 = Release|Any CPU
		{18480A92-0609-481E-99AD-6C3346829573}.WindowsDX Release|x86.ActiveCfg = Release|Any CPU
		{18480A92-0609-481E-99AD-6C3346829573}.WindowsDX Release|x86.Build.0 = Release|Any CPU
		{9C6A0DA4-892E-45C0-AFC7-B6D46F940329}.Android Debug|Any CPU.ActiveCfg = Debug|Any CPU
		{9C6A0DA4-892E-45C0-AFC7-B6D46F940329}.Android Debug|Any CPU.Build.0 = Debug|Any CPU
		{9C6A0DA4-892E-45C0-AFC7-B6D46F940329}.Android Debug|x86.ActiveCfg = Debug|Any CPU
		{9C6A0DA4-892E-45C0-AFC7-B6D46F940329}.Android Debug|x86.Build.0 = Debug|Any CPU
		{9C6A0DA4-892E-45C0-AFC7-B6D46F940329}.Android Release|Any CPU.ActiveCfg = Release|Any CPU
		{9C6A0DA4-892E-45C0-AFC7-B6D46F940329}.Android Release|Any CPU.Build.0 = Release|Any CPU
		{9C6A0DA4-892E-45C0-AFC7-B6D46F940329}.Android Release|x86.ActiveCfg = Release|Any CPU
		{9C6A0DA4-892E-45C0-AFC7-B6D46F940329}.Android Release|x86.Build.0 = Release|Any CPU
		{9C6A0DA4-892E-45C0-AFC7-B6D46F940329}.Debug|Any CPU.ActiveCfg = Debug|Any CPU
		{9C6A0DA4-892E-45C0-AFC7-B6D46F940329}.Debug|Any CPU.Build.0 = Debug|Any CPU
		{9C6A0DA4-892E-45C0-AFC7-B6D46F940329}.Debug|x86.ActiveCfg = Debug|Any CPU
		{9C6A0DA4-892E-45C0-AFC7-B6D46F940329}.Debug|x86.Build.0 = Debug|Any CPU
		{9C6A0DA4-892E-45C0-AFC7-B6D46F940329}.Release|Any CPU.ActiveCfg = Release|Any CPU
		{9C6A0DA4-892E-45C0-AFC7-B6D46F940329}.Release|Any CPU.Build.0 = Release|Any CPU
		{9C6A0DA4-892E-45C0-AFC7-B6D46F940329}.Release|x86.ActiveCfg = Release|Any CPU
		{9C6A0DA4-892E-45C0-AFC7-B6D46F940329}.Release|x86.Build.0 = Release|Any CPU
		{9C6A0DA4-892E-45C0-AFC7-B6D46F940329}.WindowsDX Debug|Any CPU.ActiveCfg = Debug|Any CPU
		{9C6A0DA4-892E-45C0-AFC7-B6D46F940329}.WindowsDX Debug|Any CPU.Build.0 = Debug|Any CPU
		{9C6A0DA4-892E-45C0-AFC7-B6D46F940329}.WindowsDX Debug|x86.ActiveCfg = Debug|Any CPU
		{9C6A0DA4-892E-45C0-AFC7-B6D46F940329}.WindowsDX Debug|x86.Build.0 = Debug|Any CPU
		{9C6A0DA4-892E-45C0-AFC7-B6D46F940329}.WindowsDX Release|Any CPU.ActiveCfg = Release|Any CPU
		{9C6A0DA4-892E-45C0-AFC7-B6D46F940329}.WindowsDX Release|Any CPU.Build.0 = Release|Any CPU
		{9C6A0DA4-892E-45C0-AFC7-B6D46F940329}.WindowsDX Release|x86.ActiveCfg = Release|Any CPU
		{9C6A0DA4-892E-45C0-AFC7-B6D46F940329}.WindowsDX Release|x86.Build.0 = Release|Any CPU
		{C42A8C34-3145-41B2-B16A-D93D796DB437}.Android Debug|Any CPU.ActiveCfg = Debug|Any CPU
		{C42A8C34-3145-41B2-B16A-D93D796DB437}.Android Debug|x86.ActiveCfg = Debug|Any CPU
		{C42A8C34-3145-41B2-B16A-D93D796DB437}.Android Debug|x86.Build.0 = Debug|Any CPU
		{C42A8C34-3145-41B2-B16A-D93D796DB437}.Android Release|Any CPU.ActiveCfg = Release|Any CPU
		{C42A8C34-3145-41B2-B16A-D93D796DB437}.Android Release|x86.ActiveCfg = Release|Any CPU
		{C42A8C34-3145-41B2-B16A-D93D796DB437}.Android Release|x86.Build.0 = Release|Any CPU
		{C42A8C34-3145-41B2-B16A-D93D796DB437}.Debug|Any CPU.ActiveCfg = Debug|Any CPU
		{C42A8C34-3145-41B2-B16A-D93D796DB437}.Debug|x86.ActiveCfg = Debug|Any CPU
		{C42A8C34-3145-41B2-B16A-D93D796DB437}.Debug|x86.Build.0 = Debug|Any CPU
		{C42A8C34-3145-41B2-B16A-D93D796DB437}.Release|Any CPU.ActiveCfg = Release|Any CPU
		{C42A8C34-3145-41B2-B16A-D93D796DB437}.Release|x86.ActiveCfg = Release|Any CPU
		{C42A8C34-3145-41B2-B16A-D93D796DB437}.Release|x86.Build.0 = Release|Any CPU
		{C42A8C34-3145-41B2-B16A-D93D796DB437}.WindowsDX Debug|Any CPU.ActiveCfg = Debug|Any CPU
		{C42A8C34-3145-41B2-B16A-D93D796DB437}.WindowsDX Debug|Any CPU.Build.0 = Debug|Any CPU
		{C42A8C34-3145-41B2-B16A-D93D796DB437}.WindowsDX Debug|x86.ActiveCfg = Debug|Any CPU
		{C42A8C34-3145-41B2-B16A-D93D796DB437}.WindowsDX Debug|x86.Build.0 = Debug|Any CPU
		{C42A8C34-3145-41B2-B16A-D93D796DB437}.WindowsDX Release|Any CPU.ActiveCfg = Release|Any CPU
		{C42A8C34-3145-41B2-B16A-D93D796DB437}.WindowsDX Release|Any CPU.Build.0 = Release|Any CPU
		{C42A8C34-3145-41B2-B16A-D93D796DB437}.WindowsDX Release|x86.ActiveCfg = Release|Any CPU
		{C42A8C34-3145-41B2-B16A-D93D796DB437}.WindowsDX Release|x86.Build.0 = Release|Any CPU
		{104B4CAF-4818-45DC-A772-2F5279C73E5A}.Android Debug|Any CPU.ActiveCfg = Debug|Any CPU
		{104B4CAF-4818-45DC-A772-2F5279C73E5A}.Android Debug|x86.ActiveCfg = Debug|Any CPU
		{104B4CAF-4818-45DC-A772-2F5279C73E5A}.Android Debug|x86.Build.0 = Debug|Any CPU
		{104B4CAF-4818-45DC-A772-2F5279C73E5A}.Android Release|Any CPU.ActiveCfg = Release|Any CPU
		{104B4CAF-4818-45DC-A772-2F5279C73E5A}.Android Release|x86.ActiveCfg = Release|Any CPU
		{104B4CAF-4818-45DC-A772-2F5279C73E5A}.Android Release|x86.Build.0 = Release|Any CPU
		{104B4CAF-4818-45DC-A772-2F5279C73E5A}.Debug|Any CPU.ActiveCfg = Debug|Any CPU
		{104B4CAF-4818-45DC-A772-2F5279C73E5A}.Debug|Any CPU.Build.0 = Debug|Any CPU
		{104B4CAF-4818-45DC-A772-2F5279C73E5A}.Debug|x86.ActiveCfg = Debug|Any CPU
		{104B4CAF-4818-45DC-A772-2F5279C73E5A}.Debug|x86.Build.0 = Debug|Any CPU
		{104B4CAF-4818-45DC-A772-2F5279C73E5A}.Release|Any CPU.ActiveCfg = Release|Any CPU
		{104B4CAF-4818-45DC-A772-2F5279C73E5A}.Release|Any CPU.Build.0 = Release|Any CPU
		{104B4CAF-4818-45DC-A772-2F5279C73E5A}.Release|x86.ActiveCfg = Release|Any CPU
		{104B4CAF-4818-45DC-A772-2F5279C73E5A}.Release|x86.Build.0 = Release|Any CPU
		{104B4CAF-4818-45DC-A772-2F5279C73E5A}.WindowsDX Debug|Any CPU.ActiveCfg = Debug|Any CPU
		{104B4CAF-4818-45DC-A772-2F5279C73E5A}.WindowsDX Debug|x86.ActiveCfg = Debug|Any CPU
		{104B4CAF-4818-45DC-A772-2F5279C73E5A}.WindowsDX Debug|x86.Build.0 = Debug|Any CPU
		{104B4CAF-4818-45DC-A772-2F5279C73E5A}.WindowsDX Release|Any CPU.ActiveCfg = Release|Any CPU
		{104B4CAF-4818-45DC-A772-2F5279C73E5A}.WindowsDX Release|x86.ActiveCfg = Release|Any CPU
		{104B4CAF-4818-45DC-A772-2F5279C73E5A}.WindowsDX Release|x86.Build.0 = Release|Any CPU
		{EE485FED-F27E-4463-B58E-C8D639A2E5BB}.Android Debug|Any CPU.ActiveCfg = Debug|Any CPU
		{EE485FED-F27E-4463-B58E-C8D639A2E5BB}.Android Debug|Any CPU.Build.0 = Debug|Any CPU
		{EE485FED-F27E-4463-B58E-C8D639A2E5BB}.Android Debug|x86.ActiveCfg = Debug|Any CPU
		{EE485FED-F27E-4463-B58E-C8D639A2E5BB}.Android Debug|x86.Build.0 = Debug|Any CPU
		{EE485FED-F27E-4463-B58E-C8D639A2E5BB}.Android Release|Any CPU.ActiveCfg = Release|Any CPU
		{EE485FED-F27E-4463-B58E-C8D639A2E5BB}.Android Release|Any CPU.Build.0 = Release|Any CPU
		{EE485FED-F27E-4463-B58E-C8D639A2E5BB}.Android Release|x86.ActiveCfg = Release|Any CPU
		{EE485FED-F27E-4463-B58E-C8D639A2E5BB}.Android Release|x86.Build.0 = Release|Any CPU
		{EE485FED-F27E-4463-B58E-C8D639A2E5BB}.Debug|Any CPU.ActiveCfg = Debug|Any CPU
		{EE485FED-F27E-4463-B58E-C8D639A2E5BB}.Debug|Any CPU.Build.0 = Debug|Any CPU
		{EE485FED-F27E-4463-B58E-C8D639A2E5BB}.Debug|x86.ActiveCfg = Debug|Any CPU
		{EE485FED-F27E-4463-B58E-C8D639A2E5BB}.Debug|x86.Build.0 = Debug|Any CPU
		{EE485FED-F27E-4463-B58E-C8D639A2E5BB}.Release|Any CPU.ActiveCfg = Release|Any CPU
		{EE485FED-F27E-4463-B58E-C8D639A2E5BB}.Release|Any CPU.Build.0 = Release|Any CPU
		{EE485FED-F27E-4463-B58E-C8D639A2E5BB}.Release|x86.ActiveCfg = Release|Any CPU
		{EE485FED-F27E-4463-B58E-C8D639A2E5BB}.Release|x86.Build.0 = Release|Any CPU
		{EE485FED-F27E-4463-B58E-C8D639A2E5BB}.WindowsDX Debug|Any CPU.ActiveCfg = Debug|Any CPU
		{EE485FED-F27E-4463-B58E-C8D639A2E5BB}.WindowsDX Debug|Any CPU.Build.0 = Debug|Any CPU
		{EE485FED-F27E-4463-B58E-C8D639A2E5BB}.WindowsDX Debug|x86.ActiveCfg = Debug|Any CPU
		{EE485FED-F27E-4463-B58E-C8D639A2E5BB}.WindowsDX Debug|x86.Build.0 = Debug|Any CPU
		{EE485FED-F27E-4463-B58E-C8D639A2E5BB}.WindowsDX Release|Any CPU.ActiveCfg = Release|Any CPU
		{EE485FED-F27E-4463-B58E-C8D639A2E5BB}.WindowsDX Release|Any CPU.Build.0 = Release|Any CPU
		{EE485FED-F27E-4463-B58E-C8D639A2E5BB}.WindowsDX Release|x86.ActiveCfg = Release|Any CPU
		{EE485FED-F27E-4463-B58E-C8D639A2E5BB}.WindowsDX Release|x86.Build.0 = Release|Any CPU
		{F8A49E12-EBA1-4067-ADF1-E2BA91C11CFC}.Android Debug|Any CPU.ActiveCfg = All
		{F8A49E12-EBA1-4067-ADF1-E2BA91C11CFC}.Android Debug|x86.ActiveCfg = All
		{F8A49E12-EBA1-4067-ADF1-E2BA91C11CFC}.Android Debug|x86.Build.0 = All
		{F8A49E12-EBA1-4067-ADF1-E2BA91C11CFC}.Android Release|Any CPU.ActiveCfg = All
		{F8A49E12-EBA1-4067-ADF1-E2BA91C11CFC}.Android Release|x86.ActiveCfg = All
		{F8A49E12-EBA1-4067-ADF1-E2BA91C11CFC}.Android Release|x86.Build.0 = All
		{F8A49E12-EBA1-4067-ADF1-E2BA91C11CFC}.Debug|Any CPU.ActiveCfg = All
		{F8A49E12-EBA1-4067-ADF1-E2BA91C11CFC}.Debug|x86.ActiveCfg = All
		{F8A49E12-EBA1-4067-ADF1-E2BA91C11CFC}.Debug|x86.Build.0 = All
		{F8A49E12-EBA1-4067-ADF1-E2BA91C11CFC}.Release|Any CPU.ActiveCfg = All
		{F8A49E12-EBA1-4067-ADF1-E2BA91C11CFC}.Release|x86.ActiveCfg = All
		{F8A49E12-EBA1-4067-ADF1-E2BA91C11CFC}.Release|x86.Build.0 = All
		{F8A49E12-EBA1-4067-ADF1-E2BA91C11CFC}.WindowsDX Debug|Any CPU.ActiveCfg = All
		{F8A49E12-EBA1-4067-ADF1-E2BA91C11CFC}.WindowsDX Debug|x86.ActiveCfg = All
		{F8A49E12-EBA1-4067-ADF1-E2BA91C11CFC}.WindowsDX Debug|x86.Build.0 = All
		{F8A49E12-EBA1-4067-ADF1-E2BA91C11CFC}.WindowsDX Release|Any CPU.ActiveCfg = All
		{F8A49E12-EBA1-4067-ADF1-E2BA91C11CFC}.WindowsDX Release|Any CPU.Build.0 = All
		{F8A49E12-EBA1-4067-ADF1-E2BA91C11CFC}.WindowsDX Release|x86.ActiveCfg = All
		{F8A49E12-EBA1-4067-ADF1-E2BA91C11CFC}.WindowsDX Release|x86.Build.0 = All
	EndGlobalSection
	GlobalSection(SolutionProperties) = preSolution
		HideSolutionNode = FALSE
	EndGlobalSection
	GlobalSection(NestedProjects) = preSolution
		{B0B2294D-FB45-47C3-A645-6C5884E7CFAB} = {887BCA83-96AC-4E83-BAF5-567626AF670B}
		{BB1758DB-3B4B-4F61-9272-F08F56E4C71C} = {887BCA83-96AC-4E83-BAF5-567626AF670B}
		{DE807934-27EC-43A8-831F-15371284F11F} = {EBCC2EA9-CA3F-4409-A052-58D4AE69E967}
		{596686F9-B236-4626-9841-CBB303EA58C7} = {C7901A1A-E22C-468F-9E9A-9A891598E7D8}
		{5C4A5D3D-46CF-4DDD-A64D-D3043458E2D3} = {C7901A1A-E22C-468F-9E9A-9A891598E7D8}
		{DF3851F5-AEA2-4D44-BAB1-88E63C470F30} = {887BCA83-96AC-4E83-BAF5-567626AF670B}
		{0C0586A3-5A10-42CE-B609-CC80EE2CEF7A} = {C7901A1A-E22C-468F-9E9A-9A891598E7D8}
		{E49FF4CD-57A3-45A3-87F3-EDEF96923B20} = {887BCA83-96AC-4E83-BAF5-567626AF670B}
		{6BEE8AAC-A058-40B2-9009-76416AA682BA} = {CB9FBBED-6835-4C03-AC4B-60ED8763AFC9}
		{18480A92-0609-481E-99AD-6C3346829573} = {CB9FBBED-6835-4C03-AC4B-60ED8763AFC9}
		{9C6A0DA4-892E-45C0-AFC7-B6D46F940329} = {863F4FF3-CB11-4C12-B99F-AA8CB0D9787D}
		{C42A8C34-3145-41B2-B16A-D93D796DB437} = {CB9FBBED-6835-4C03-AC4B-60ED8763AFC9}
		{B59E1A53-68B3-4D31-8B69-CEFC3D5CEBB4} = {CB9FBBED-6835-4C03-AC4B-60ED8763AFC9}
		{104B4CAF-4818-45DC-A772-2F5279C73E5A} = {CB9FBBED-6835-4C03-AC4B-60ED8763AFC9}
		{EE485FED-F27E-4463-B58E-C8D639A2E5BB} = {863F4FF3-CB11-4C12-B99F-AA8CB0D9787D}
		{F8A49E12-EBA1-4067-ADF1-E2BA91C11CFC} = {887BCA83-96AC-4E83-BAF5-567626AF670B}
	EndGlobalSection
	GlobalSection(MonoDevelopProperties) = preSolution
		Policies = $0
		$0.DotNetNamingPolicy = $1
		$1.DirectoryNamespaceAssociation = None
		$1.ResourceNamePolicy = FileFormatDefault
		$0.TextStylePolicy = $2
		$2.FileWidth = 100
		$2.inheritsSet = VisualStudio
		$2.inheritsScope = text/plain
		$2.scope = text/x-csharp
		$0.CSharpFormattingPolicy = $3
		$3.IndentSwitchBody = True
		$3.IndentBlocksInsideExpressions = True
		$3.AnonymousMethodBraceStyle = NextLine
		$3.PropertyBraceStyle = NextLine
		$3.PropertyGetBraceStyle = NextLine
		$3.PropertySetBraceStyle = NextLine
		$3.EventBraceStyle = NextLine
		$3.EventAddBraceStyle = NextLine
		$3.EventRemoveBraceStyle = NextLine
		$3.StatementBraceStyle = NextLine
		$3.ElseNewLinePlacement = NewLine
		$3.CatchNewLinePlacement = NewLine
		$3.FinallyNewLinePlacement = NewLine
		$3.WhileNewLinePlacement = DoNotCare
		$3.ArrayInitializerWrapping = DoNotChange
		$3.ArrayInitializerBraceStyle = NextLine
		$3.BeforeMethodDeclarationParentheses = False
		$3.BeforeMethodCallParentheses = False
		$3.BeforeConstructorDeclarationParentheses = False
		$3.NewLineBeforeConstructorInitializerColon = NewLine
		$3.NewLineAfterConstructorInitializerColon = SameLine
		$3.BeforeDelegateDeclarationParentheses = False
		$3.NewParentheses = False
		$3.SpacesBeforeBrackets = False
		$3.inheritsSet = Mono
		$3.inheritsScope = text/x-csharp
		$3.scope = text/x-csharp
	EndGlobalSection
EndGlobal
