
Microsoft Visual Studio Solution File, Format Version 12.00
# Visual Studio Version 16
VisualStudioVersion = 16.0.29209.62
MinimumVisualStudioVersion = 10.0.40219.1
Project("{2150E333-8FDC-42A3-9474-1A3956D46DE8}") = "Hero6", "Hero6", "{887BCA83-96AC-4E83-BAF5-567626AF670B}"
EndProject
Project("{9A19103F-16F7-4668-BE54-9A1E7A4F7556}") = "Hero6.Campaigns.RitesOfPassage", "Hero6.Campaigns.RitesOfPassage\Hero6.Campaigns.RitesOfPassage.csproj", "{DE807934-27EC-43A8-831F-15371284F11F}"
EndProject
Project("{2150E333-8FDC-42A3-9474-1A3956D46DE8}") = "Libraries", "Libraries", "{C7901A1A-E22C-468F-9E9A-9A891598E7D8}"
EndProject
Project("{9A19103F-16F7-4668-BE54-9A1E7A4F7556}") = "Collections", "Collections\Collections.csproj", "{596686F9-B236-4626-9841-CBB303EA58C7}"
EndProject
Project("{9A19103F-16F7-4668-BE54-9A1E7A4F7556}") = "Search", "Search\Search.csproj", "{5C4A5D3D-46CF-4DDD-A64D-D3043458E2D3}"
EndProject
Project("{2150E333-8FDC-42A3-9474-1A3956D46DE8}") = "Tests", "Tests", "{CB9FBBED-6835-4C03-AC4B-60ED8763AFC9}"
EndProject
Project("{D954291E-2A0B-460D-934E-DC6B0785DB48}") = "Hero6", "Hero6\Hero6.shproj", "{DF3851F5-AEA2-4D44-BAB1-88E63C470F30}"
EndProject
Project("{9A19103F-16F7-4668-BE54-9A1E7A4F7556}") = "Hero6.Engine", "Hero6.Engine\Hero6.Engine.csproj", "{0C0586A3-5A10-42CE-B609-CC80EE2CEF7A}"
EndProject
Project("{9A19103F-16F7-4668-BE54-9A1E7A4F7556}") = "Collections.Tests", "Collections.Tests\Collections.Tests.csproj", "{6BEE8AAC-A058-40B2-9009-76416AA682BA}"
EndProject
Project("{9A19103F-16F7-4668-BE54-9A1E7A4F7556}") = "Search.Tests", "Search.Tests\Search.Tests.csproj", "{18480A92-0609-481E-99AD-6C3346829573}"
EndProject
Project("{2150E333-8FDC-42A3-9474-1A3956D46DE8}") = ".configs", ".configs", "{8FAAE2BE-CD26-4E95-94AC-B2040AA7C8BA}"
	ProjectSection(SolutionItems) = preProject
		..\.editorconfig = ..\.editorconfig
		global.json = global.json
		Hero6.ruleset = Hero6.ruleset
		paket.dependencies = paket.dependencies
		stylecop.json = stylecop.json
	EndProjectSection
EndProject
Project("{9A19103F-16F7-4668-BE54-9A1E7A4F7556}") = "Hero6.UserInterfaces.SierraVga", "Hero6.UserInterfaces.SierraVga\Hero6.UserInterfaces.SierraVga.csproj", "{9C6A0DA4-892E-45C0-AFC7-B6D46F940329}"
EndProject
Project("{D954291E-2A0B-460D-934E-DC6B0785DB48}") = "Hero6.Tests", "Hero6.Tests\Hero6.Tests.shproj", "{B59E1A53-68B3-4D31-8B69-CEFC3D5CEBB4}"
EndProject
Project("{9A19103F-16F7-4668-BE54-9A1E7A4F7556}") = "Hero6.Engine.Tests", "Hero6.Engine.Tests\Hero6.Engine.Tests.csproj", "{5CD0CA14-E1C3-4CDA-9DEA-B22CB116DEAA}"
EndProject
Project("{9A19103F-16F7-4668-BE54-9A1E7A4F7556}") = "Hero6.Localization", "Hero6.Localization\Hero6.Localization.csproj", "{CB706FAB-954B-462D-8590-5433A63E14E6}"
EndProject
Project("{9A19103F-16F7-4668-BE54-9A1E7A4F7556}") = "Hero6.UserInterfaces.SierraVga.Tests", "Hero6.UserInterfaces.SierraVga.Tests\Hero6.UserInterfaces.SierraVga.Tests.csproj", "{5F12337E-314A-49E5-B4E8-542B3FEA4C74}"
EndProject
Project("{9A19103F-16F7-4668-BE54-9A1E7A4F7556}") = "Hero6.Desktop.Tests", "Hero6.Desktop.Tests\Hero6.Desktop.Tests.csproj", "{33DCA6AB-2DF5-400A-B981-4E5B06CEC36D}"
EndProject
Project("{9A19103F-16F7-4668-BE54-9A1E7A4F7556}") = "Hero6.Repository.Tests", "Hero6.Repository.Tests\Hero6.Repository.Tests.csproj", "{58B0D028-63D9-4FC6-90A0-E7C1308E15E1}"
EndProject
Project("{9A19103F-16F7-4668-BE54-9A1E7A4F7556}") = "Hero6.Tests.HelperTools", "Hero6.Tests.HelperTools\Hero6.Tests.HelperTools.csproj", "{AFCFF1EB-729C-4DA5-B671-83396288DC3C}"
EndProject
Project("{9A19103F-16F7-4668-BE54-9A1E7A4F7556}") = "Hero6.Campaigns.RitesOfPassage.Tests", "Hero6.Campaigns.RitesOfPassage.Tests\Hero6.Campaigns.RitesOfPassage.Tests.csproj", "{5BD8BDF3-2B54-4228-9272-BFCC6D1AE541}"
EndProject
Project("{9A19103F-16F7-4668-BE54-9A1E7A4F7556}") = "Hero6.Desktop", "Hero6.Desktop\Hero6.Desktop.csproj", "{D1071FFB-86E1-48DD-9F84-7D84ED962434}"
EndProject
Project("{2150E333-8FDC-42A3-9474-1A3956D46DE8}") = "Hero6 Engine", "Hero6 Engine", "{2937997A-C105-4911-90ED-1458D86A3D87}"
EndProject
Project("{2150E333-8FDC-42A3-9474-1A3956D46DE8}") = ".scripts", ".scripts", "{F6DAB1F9-6741-4246-8B78-1CDDA0F447C8}"
	ProjectSection(SolutionItems) = preProject
		..\scripts\build-monogame-pipeline.sh = ..\scripts\build-monogame-pipeline.sh
		..\scripts\coverage.sh = ..\scripts\coverage.sh
		..\scripts\run-hero6.sh = ..\scripts\run-hero6.sh
		..\scripts\run-tests.sh = ..\scripts\run-tests.sh
	EndProjectSection
EndProject
Project("{2150E333-8FDC-42A3-9474-1A3956D46DE8}") = "azure-pipelines", "azure-pipelines", "{FD983D91-82AF-44DA-B456-315A61E1A38B}"
	ProjectSection(SolutionItems) = preProject
		..\scripts\azure-pipelines\bleeding.yaml = ..\scripts\azure-pipelines\bleeding.yaml
		..\scripts\azure-pipelines\build.yaml = ..\scripts\azure-pipelines\build.yaml
		..\scripts\azure-pipelines\install.yaml = ..\scripts\azure-pipelines\install.yaml
		..\scripts\azure-pipelines\job.yaml = ..\scripts\azure-pipelines\job.yaml
		..\scripts\azure-pipelines\nightly.yaml = ..\scripts\azure-pipelines\nightly.yaml
		..\scripts\azure-pipelines\publish.yaml = ..\scripts\azure-pipelines\publish.yaml
		..\scripts\azure-pipelines\run-tests.yaml = ..\scripts\azure-pipelines\run-tests.yaml
	EndProjectSection
EndProject
Project("{2150E333-8FDC-42A3-9474-1A3956D46DE8}") = "Benchmarks", "Benchmarks", "{EBA2625F-1A00-4063-AA40-5DAE608545EE}"
EndProject
Project("{9A19103F-16F7-4668-BE54-9A1E7A4F7556}") = "Hero6.Desktop.Benchmarks", "Hero6.Desktop.Benchmarks\Hero6.Desktop.Benchmarks.csproj", "{CE5D600B-828B-4C8D-88BB-68488D19F825}"
EndProject
Project("{D954291E-2A0B-460D-934E-DC6B0785DB48}") = "Hero6.Benchmarks", "Hero6.Benchmarks\Hero6.Benchmarks.shproj", "{3EE7C8EB-E03E-40CB-B471-4836CC17F7C6}"
EndProject
Project("{FAE04EC0-301F-11D3-BF4B-00C04F79EFBC}") = "Hero6.Engine.Benchmarks", "Hero6.Engine.Benchmarks\Hero6.Engine.Benchmarks.csproj", "{D1C0BE60-E32E-412C-AA31-C1B8C2F62D1F}"
EndProject
Global
	GlobalSection(SharedMSBuildProjectFiles) = preSolution
		Hero6.Tests\Hero6.Tests.projitems*{33dca6ab-2df5-400a-b981-4e5b06cec36d}*SharedItemsImports = 4
		Hero6.Benchmarks\Hero6.Benchmarks.projitems*{3ee7c8eb-e03e-40cb-b471-4836cc17f7c6}*SharedItemsImports = 13
		Hero6.Tests\Hero6.Tests.projitems*{b59e1a53-68b3-4d31-8b69-cefc3d5cebb4}*SharedItemsImports = 13
		Hero6\Hero6.projitems*{d1071ffb-86e1-48dd-9f84-7d84ed962434}*SharedItemsImports = 4
		Hero6\Hero6.projitems*{df3851f5-aea2-4d44-bab1-88e63c470f30}*SharedItemsImports = 13
	EndGlobalSection
	GlobalSection(SolutionConfigurationPlatforms) = preSolution
		Debug|Any CPU = Debug|Any CPU
		Debug|x86 = Debug|x86
		Release|Any CPU = Release|Any CPU
		Release|x86 = Release|x86
	EndGlobalSection
	GlobalSection(ProjectConfigurationPlatforms) = postSolution
		{DE807934-27EC-43A8-831F-15371284F11F}.Debug|Any CPU.ActiveCfg = Debug|Any CPU
		{DE807934-27EC-43A8-831F-15371284F11F}.Debug|Any CPU.Build.0 = Debug|Any CPU
		{DE807934-27EC-43A8-831F-15371284F11F}.Debug|x86.ActiveCfg = Debug|Any CPU
		{DE807934-27EC-43A8-831F-15371284F11F}.Debug|x86.Build.0 = Debug|Any CPU
		{DE807934-27EC-43A8-831F-15371284F11F}.Release|Any CPU.ActiveCfg = Release|Any CPU
		{DE807934-27EC-43A8-831F-15371284F11F}.Release|Any CPU.Build.0 = Release|Any CPU
		{DE807934-27EC-43A8-831F-15371284F11F}.Release|x86.ActiveCfg = Release|Any CPU
		{DE807934-27EC-43A8-831F-15371284F11F}.Release|x86.Build.0 = Release|Any CPU
		{596686F9-B236-4626-9841-CBB303EA58C7}.Debug|Any CPU.ActiveCfg = Debug|Any CPU
		{596686F9-B236-4626-9841-CBB303EA58C7}.Debug|Any CPU.Build.0 = Debug|Any CPU
		{596686F9-B236-4626-9841-CBB303EA58C7}.Debug|x86.ActiveCfg = Debug|Any CPU
		{596686F9-B236-4626-9841-CBB303EA58C7}.Debug|x86.Build.0 = Debug|Any CPU
		{596686F9-B236-4626-9841-CBB303EA58C7}.Release|Any CPU.ActiveCfg = Release|Any CPU
		{596686F9-B236-4626-9841-CBB303EA58C7}.Release|Any CPU.Build.0 = Release|Any CPU
		{596686F9-B236-4626-9841-CBB303EA58C7}.Release|x86.ActiveCfg = Release|Any CPU
		{596686F9-B236-4626-9841-CBB303EA58C7}.Release|x86.Build.0 = Release|Any CPU
		{5C4A5D3D-46CF-4DDD-A64D-D3043458E2D3}.Debug|Any CPU.ActiveCfg = Debug|Any CPU
		{5C4A5D3D-46CF-4DDD-A64D-D3043458E2D3}.Debug|Any CPU.Build.0 = Debug|Any CPU
		{5C4A5D3D-46CF-4DDD-A64D-D3043458E2D3}.Debug|x86.ActiveCfg = Debug|Any CPU
		{5C4A5D3D-46CF-4DDD-A64D-D3043458E2D3}.Debug|x86.Build.0 = Debug|Any CPU
		{5C4A5D3D-46CF-4DDD-A64D-D3043458E2D3}.Release|Any CPU.ActiveCfg = Release|Any CPU
		{5C4A5D3D-46CF-4DDD-A64D-D3043458E2D3}.Release|Any CPU.Build.0 = Release|Any CPU
		{5C4A5D3D-46CF-4DDD-A64D-D3043458E2D3}.Release|x86.ActiveCfg = Release|Any CPU
		{5C4A5D3D-46CF-4DDD-A64D-D3043458E2D3}.Release|x86.Build.0 = Release|Any CPU
		{0C0586A3-5A10-42CE-B609-CC80EE2CEF7A}.Debug|Any CPU.ActiveCfg = Debug|Any CPU
		{0C0586A3-5A10-42CE-B609-CC80EE2CEF7A}.Debug|Any CPU.Build.0 = Debug|Any CPU
		{0C0586A3-5A10-42CE-B609-CC80EE2CEF7A}.Debug|x86.ActiveCfg = Debug|Any CPU
		{0C0586A3-5A10-42CE-B609-CC80EE2CEF7A}.Debug|x86.Build.0 = Debug|Any CPU
		{0C0586A3-5A10-42CE-B609-CC80EE2CEF7A}.Release|Any CPU.ActiveCfg = Release|Any CPU
		{0C0586A3-5A10-42CE-B609-CC80EE2CEF7A}.Release|Any CPU.Build.0 = Release|Any CPU
		{0C0586A3-5A10-42CE-B609-CC80EE2CEF7A}.Release|x86.ActiveCfg = Release|Any CPU
		{0C0586A3-5A10-42CE-B609-CC80EE2CEF7A}.Release|x86.Build.0 = Release|Any CPU
		{6BEE8AAC-A058-40B2-9009-76416AA682BA}.Debug|Any CPU.ActiveCfg = Debug|Any CPU
		{6BEE8AAC-A058-40B2-9009-76416AA682BA}.Debug|Any CPU.Build.0 = Debug|Any CPU
		{6BEE8AAC-A058-40B2-9009-76416AA682BA}.Debug|x86.ActiveCfg = Debug|Any CPU
		{6BEE8AAC-A058-40B2-9009-76416AA682BA}.Debug|x86.Build.0 = Debug|Any CPU
		{6BEE8AAC-A058-40B2-9009-76416AA682BA}.Release|Any CPU.ActiveCfg = Release|Any CPU
		{6BEE8AAC-A058-40B2-9009-76416AA682BA}.Release|Any CPU.Build.0 = Release|Any CPU
		{6BEE8AAC-A058-40B2-9009-76416AA682BA}.Release|x86.ActiveCfg = Release|Any CPU
		{6BEE8AAC-A058-40B2-9009-76416AA682BA}.Release|x86.Build.0 = Release|Any CPU
		{18480A92-0609-481E-99AD-6C3346829573}.Debug|Any CPU.ActiveCfg = Debug|Any CPU
		{18480A92-0609-481E-99AD-6C3346829573}.Debug|Any CPU.Build.0 = Debug|Any CPU
		{18480A92-0609-481E-99AD-6C3346829573}.Debug|x86.ActiveCfg = Debug|Any CPU
		{18480A92-0609-481E-99AD-6C3346829573}.Debug|x86.Build.0 = Debug|Any CPU
		{18480A92-0609-481E-99AD-6C3346829573}.Release|Any CPU.ActiveCfg = Release|Any CPU
		{18480A92-0609-481E-99AD-6C3346829573}.Release|Any CPU.Build.0 = Release|Any CPU
		{18480A92-0609-481E-99AD-6C3346829573}.Release|x86.ActiveCfg = Release|Any CPU
		{18480A92-0609-481E-99AD-6C3346829573}.Release|x86.Build.0 = Release|Any CPU
		{9C6A0DA4-892E-45C0-AFC7-B6D46F940329}.Debug|Any CPU.ActiveCfg = Debug|Any CPU
		{9C6A0DA4-892E-45C0-AFC7-B6D46F940329}.Debug|Any CPU.Build.0 = Debug|Any CPU
		{9C6A0DA4-892E-45C0-AFC7-B6D46F940329}.Debug|x86.ActiveCfg = Debug|Any CPU
		{9C6A0DA4-892E-45C0-AFC7-B6D46F940329}.Debug|x86.Build.0 = Debug|Any CPU
		{9C6A0DA4-892E-45C0-AFC7-B6D46F940329}.Release|Any CPU.ActiveCfg = Release|Any CPU
		{9C6A0DA4-892E-45C0-AFC7-B6D46F940329}.Release|Any CPU.Build.0 = Release|Any CPU
		{9C6A0DA4-892E-45C0-AFC7-B6D46F940329}.Release|x86.ActiveCfg = Release|Any CPU
		{9C6A0DA4-892E-45C0-AFC7-B6D46F940329}.Release|x86.Build.0 = Release|Any CPU
		{5CD0CA14-E1C3-4CDA-9DEA-B22CB116DEAA}.Debug|Any CPU.ActiveCfg = Debug|Any CPU
		{5CD0CA14-E1C3-4CDA-9DEA-B22CB116DEAA}.Debug|Any CPU.Build.0 = Debug|Any CPU
		{5CD0CA14-E1C3-4CDA-9DEA-B22CB116DEAA}.Debug|x86.ActiveCfg = Debug|Any CPU
		{5CD0CA14-E1C3-4CDA-9DEA-B22CB116DEAA}.Debug|x86.Build.0 = Debug|Any CPU
		{5CD0CA14-E1C3-4CDA-9DEA-B22CB116DEAA}.Release|Any CPU.ActiveCfg = Release|Any CPU
		{5CD0CA14-E1C3-4CDA-9DEA-B22CB116DEAA}.Release|Any CPU.Build.0 = Release|Any CPU
		{5CD0CA14-E1C3-4CDA-9DEA-B22CB116DEAA}.Release|x86.ActiveCfg = Release|Any CPU
		{5CD0CA14-E1C3-4CDA-9DEA-B22CB116DEAA}.Release|x86.Build.0 = Release|Any CPU
		{CB706FAB-954B-462D-8590-5433A63E14E6}.Debug|Any CPU.ActiveCfg = Debug|Any CPU
		{CB706FAB-954B-462D-8590-5433A63E14E6}.Debug|Any CPU.Build.0 = Debug|Any CPU
		{CB706FAB-954B-462D-8590-5433A63E14E6}.Debug|x86.ActiveCfg = Debug|Any CPU
		{CB706FAB-954B-462D-8590-5433A63E14E6}.Debug|x86.Build.0 = Debug|Any CPU
		{CB706FAB-954B-462D-8590-5433A63E14E6}.Release|Any CPU.ActiveCfg = Release|Any CPU
		{CB706FAB-954B-462D-8590-5433A63E14E6}.Release|Any CPU.Build.0 = Release|Any CPU
		{CB706FAB-954B-462D-8590-5433A63E14E6}.Release|x86.ActiveCfg = Release|Any CPU
		{CB706FAB-954B-462D-8590-5433A63E14E6}.Release|x86.Build.0 = Release|Any CPU
		{5F12337E-314A-49E5-B4E8-542B3FEA4C74}.Debug|Any CPU.ActiveCfg = Debug|Any CPU
		{5F12337E-314A-49E5-B4E8-542B3FEA4C74}.Debug|Any CPU.Build.0 = Debug|Any CPU
		{5F12337E-314A-49E5-B4E8-542B3FEA4C74}.Debug|x86.ActiveCfg = Debug|Any CPU
		{5F12337E-314A-49E5-B4E8-542B3FEA4C74}.Debug|x86.Build.0 = Debug|Any CPU
		{5F12337E-314A-49E5-B4E8-542B3FEA4C74}.Release|Any CPU.ActiveCfg = Release|Any CPU
		{5F12337E-314A-49E5-B4E8-542B3FEA4C74}.Release|Any CPU.Build.0 = Release|Any CPU
		{5F12337E-314A-49E5-B4E8-542B3FEA4C74}.Release|x86.ActiveCfg = Release|Any CPU
		{5F12337E-314A-49E5-B4E8-542B3FEA4C74}.Release|x86.Build.0 = Release|Any CPU
		{33DCA6AB-2DF5-400A-B981-4E5B06CEC36D}.Debug|Any CPU.ActiveCfg = Debug|Any CPU
		{33DCA6AB-2DF5-400A-B981-4E5B06CEC36D}.Debug|Any CPU.Build.0 = Debug|Any CPU
		{33DCA6AB-2DF5-400A-B981-4E5B06CEC36D}.Debug|x86.ActiveCfg = Debug|Any CPU
		{33DCA6AB-2DF5-400A-B981-4E5B06CEC36D}.Debug|x86.Build.0 = Debug|Any CPU
		{33DCA6AB-2DF5-400A-B981-4E5B06CEC36D}.Release|Any CPU.ActiveCfg = Release|Any CPU
		{33DCA6AB-2DF5-400A-B981-4E5B06CEC36D}.Release|Any CPU.Build.0 = Release|Any CPU
		{33DCA6AB-2DF5-400A-B981-4E5B06CEC36D}.Release|x86.ActiveCfg = Release|Any CPU
		{33DCA6AB-2DF5-400A-B981-4E5B06CEC36D}.Release|x86.Build.0 = Release|Any CPU
		{58B0D028-63D9-4FC6-90A0-E7C1308E15E1}.Debug|Any CPU.ActiveCfg = Debug|Any CPU
		{58B0D028-63D9-4FC6-90A0-E7C1308E15E1}.Debug|Any CPU.Build.0 = Debug|Any CPU
		{58B0D028-63D9-4FC6-90A0-E7C1308E15E1}.Debug|x86.ActiveCfg = Debug|Any CPU
		{58B0D028-63D9-4FC6-90A0-E7C1308E15E1}.Debug|x86.Build.0 = Debug|Any CPU
		{58B0D028-63D9-4FC6-90A0-E7C1308E15E1}.Release|Any CPU.ActiveCfg = Release|Any CPU
		{58B0D028-63D9-4FC6-90A0-E7C1308E15E1}.Release|Any CPU.Build.0 = Release|Any CPU
		{58B0D028-63D9-4FC6-90A0-E7C1308E15E1}.Release|x86.ActiveCfg = Release|Any CPU
		{58B0D028-63D9-4FC6-90A0-E7C1308E15E1}.Release|x86.Build.0 = Release|Any CPU
		{AFCFF1EB-729C-4DA5-B671-83396288DC3C}.Debug|Any CPU.ActiveCfg = Debug|Any CPU
		{AFCFF1EB-729C-4DA5-B671-83396288DC3C}.Debug|Any CPU.Build.0 = Debug|Any CPU
		{AFCFF1EB-729C-4DA5-B671-83396288DC3C}.Debug|x86.ActiveCfg = Debug|Any CPU
		{AFCFF1EB-729C-4DA5-B671-83396288DC3C}.Debug|x86.Build.0 = Debug|Any CPU
		{AFCFF1EB-729C-4DA5-B671-83396288DC3C}.Release|Any CPU.ActiveCfg = Release|Any CPU
		{AFCFF1EB-729C-4DA5-B671-83396288DC3C}.Release|Any CPU.Build.0 = Release|Any CPU
		{AFCFF1EB-729C-4DA5-B671-83396288DC3C}.Release|x86.ActiveCfg = Release|Any CPU
		{AFCFF1EB-729C-4DA5-B671-83396288DC3C}.Release|x86.Build.0 = Release|Any CPU
		{5BD8BDF3-2B54-4228-9272-BFCC6D1AE541}.Debug|Any CPU.ActiveCfg = Debug|Any CPU
		{5BD8BDF3-2B54-4228-9272-BFCC6D1AE541}.Debug|Any CPU.Build.0 = Debug|Any CPU
		{5BD8BDF3-2B54-4228-9272-BFCC6D1AE541}.Debug|x86.ActiveCfg = Debug|Any CPU
		{5BD8BDF3-2B54-4228-9272-BFCC6D1AE541}.Debug|x86.Build.0 = Debug|Any CPU
		{5BD8BDF3-2B54-4228-9272-BFCC6D1AE541}.Release|Any CPU.ActiveCfg = Release|Any CPU
		{5BD8BDF3-2B54-4228-9272-BFCC6D1AE541}.Release|Any CPU.Build.0 = Release|Any CPU
		{5BD8BDF3-2B54-4228-9272-BFCC6D1AE541}.Release|x86.ActiveCfg = Release|Any CPU
		{5BD8BDF3-2B54-4228-9272-BFCC6D1AE541}.Release|x86.Build.0 = Release|Any CPU
		{D1071FFB-86E1-48DD-9F84-7D84ED962434}.Debug|Any CPU.ActiveCfg = Debug|Any CPU
		{D1071FFB-86E1-48DD-9F84-7D84ED962434}.Debug|Any CPU.Build.0 = Debug|Any CPU
		{D1071FFB-86E1-48DD-9F84-7D84ED962434}.Debug|x86.ActiveCfg = Debug|Any CPU
		{D1071FFB-86E1-48DD-9F84-7D84ED962434}.Debug|x86.Build.0 = Debug|Any CPU
		{D1071FFB-86E1-48DD-9F84-7D84ED962434}.Release|Any CPU.ActiveCfg = Release|Any CPU
		{D1071FFB-86E1-48DD-9F84-7D84ED962434}.Release|Any CPU.Build.0 = Release|Any CPU
		{D1071FFB-86E1-48DD-9F84-7D84ED962434}.Release|x86.ActiveCfg = Release|Any CPU
		{D1071FFB-86E1-48DD-9F84-7D84ED962434}.Release|x86.Build.0 = Release|Any CPU
		{CE5D600B-828B-4C8D-88BB-68488D19F825}.Debug|Any CPU.ActiveCfg = Debug|Any CPU
		{CE5D600B-828B-4C8D-88BB-68488D19F825}.Debug|Any CPU.Build.0 = Debug|Any CPU
		{CE5D600B-828B-4C8D-88BB-68488D19F825}.Debug|x86.ActiveCfg = Debug|Any CPU
		{CE5D600B-828B-4C8D-88BB-68488D19F825}.Debug|x86.Build.0 = Debug|Any CPU
		{CE5D600B-828B-4C8D-88BB-68488D19F825}.Release|Any CPU.ActiveCfg = Release|Any CPU
		{CE5D600B-828B-4C8D-88BB-68488D19F825}.Release|Any CPU.Build.0 = Release|Any CPU
		{CE5D600B-828B-4C8D-88BB-68488D19F825}.Release|x86.ActiveCfg = Release|Any CPU
		{CE5D600B-828B-4C8D-88BB-68488D19F825}.Release|x86.Build.0 = Release|Any CPU
		{D1C0BE60-E32E-412C-AA31-C1B8C2F62D1F}.Debug|Any CPU.ActiveCfg = Debug|Any CPU
		{D1C0BE60-E32E-412C-AA31-C1B8C2F62D1F}.Debug|Any CPU.Build.0 = Debug|Any CPU
		{D1C0BE60-E32E-412C-AA31-C1B8C2F62D1F}.Debug|x86.ActiveCfg = Debug|Any CPU
		{D1C0BE60-E32E-412C-AA31-C1B8C2F62D1F}.Debug|x86.Build.0 = Debug|Any CPU
		{D1C0BE60-E32E-412C-AA31-C1B8C2F62D1F}.Release|Any CPU.ActiveCfg = Release|Any CPU
		{D1C0BE60-E32E-412C-AA31-C1B8C2F62D1F}.Release|Any CPU.Build.0 = Release|Any CPU
		{D1C0BE60-E32E-412C-AA31-C1B8C2F62D1F}.Release|x86.ActiveCfg = Release|Any CPU
		{D1C0BE60-E32E-412C-AA31-C1B8C2F62D1F}.Release|x86.Build.0 = Release|Any CPU
	EndGlobalSection
	GlobalSection(SolutionProperties) = preSolution
		HideSolutionNode = FALSE
	EndGlobalSection
	GlobalSection(NestedProjects) = preSolution
		{DE807934-27EC-43A8-831F-15371284F11F} = {887BCA83-96AC-4E83-BAF5-567626AF670B}
		{596686F9-B236-4626-9841-CBB303EA58C7} = {C7901A1A-E22C-468F-9E9A-9A891598E7D8}
		{5C4A5D3D-46CF-4DDD-A64D-D3043458E2D3} = {C7901A1A-E22C-468F-9E9A-9A891598E7D8}
		{DF3851F5-AEA2-4D44-BAB1-88E63C470F30} = {887BCA83-96AC-4E83-BAF5-567626AF670B}
		{0C0586A3-5A10-42CE-B609-CC80EE2CEF7A} = {2937997A-C105-4911-90ED-1458D86A3D87}
		{6BEE8AAC-A058-40B2-9009-76416AA682BA} = {CB9FBBED-6835-4C03-AC4B-60ED8763AFC9}
		{18480A92-0609-481E-99AD-6C3346829573} = {CB9FBBED-6835-4C03-AC4B-60ED8763AFC9}
		{9C6A0DA4-892E-45C0-AFC7-B6D46F940329} = {887BCA83-96AC-4E83-BAF5-567626AF670B}
		{B59E1A53-68B3-4D31-8B69-CEFC3D5CEBB4} = {CB9FBBED-6835-4C03-AC4B-60ED8763AFC9}
		{5CD0CA14-E1C3-4CDA-9DEA-B22CB116DEAA} = {CB9FBBED-6835-4C03-AC4B-60ED8763AFC9}
		{CB706FAB-954B-462D-8590-5433A63E14E6} = {887BCA83-96AC-4E83-BAF5-567626AF670B}
		{5F12337E-314A-49E5-B4E8-542B3FEA4C74} = {CB9FBBED-6835-4C03-AC4B-60ED8763AFC9}
		{33DCA6AB-2DF5-400A-B981-4E5B06CEC36D} = {CB9FBBED-6835-4C03-AC4B-60ED8763AFC9}
		{58B0D028-63D9-4FC6-90A0-E7C1308E15E1} = {CB9FBBED-6835-4C03-AC4B-60ED8763AFC9}
		{AFCFF1EB-729C-4DA5-B671-83396288DC3C} = {CB9FBBED-6835-4C03-AC4B-60ED8763AFC9}
		{5BD8BDF3-2B54-4228-9272-BFCC6D1AE541} = {CB9FBBED-6835-4C03-AC4B-60ED8763AFC9}
		{D1071FFB-86E1-48DD-9F84-7D84ED962434} = {887BCA83-96AC-4E83-BAF5-567626AF670B}
		{FD983D91-82AF-44DA-B456-315A61E1A38B} = {F6DAB1F9-6741-4246-8B78-1CDDA0F447C8}
		{CE5D600B-828B-4C8D-88BB-68488D19F825} = {EBA2625F-1A00-4063-AA40-5DAE608545EE}
		{3EE7C8EB-E03E-40CB-B471-4836CC17F7C6} = {EBA2625F-1A00-4063-AA40-5DAE608545EE}
		{D1C0BE60-E32E-412C-AA31-C1B8C2F62D1F} = {EBA2625F-1A00-4063-AA40-5DAE608545EE}
	EndGlobalSection
	GlobalSection(ExtensibilityGlobals) = postSolution
		SolutionGuid = {D79F9E72-AE93-4A79-A968-902EC57B5900}
	EndGlobalSection
	GlobalSection(MonoDevelopProperties) = preSolution
		Policies = $0
		$0.DotNetNamingPolicy = $1
		$1.DirectoryNamespaceAssociation = None
		$1.ResourceNamePolicy = FileFormatDefault
		$0.TextStylePolicy = $2
		$2.FileWidth = 100
		$2.inheritsSet = VisualStudio
		$2.inheritsScope = text/plain
		$2.scope = text/x-csharp
		$0.CSharpFormattingPolicy = $3
		$3.IndentSwitchBody = True
		$3.IndentBlocksInsideExpressions = True
		$3.AnonymousMethodBraceStyle = NextLine
		$3.PropertyBraceStyle = NextLine
		$3.PropertyGetBraceStyle = NextLine
		$3.PropertySetBraceStyle = NextLine
		$3.EventBraceStyle = NextLine
		$3.EventAddBraceStyle = NextLine
		$3.EventRemoveBraceStyle = NextLine
		$3.StatementBraceStyle = NextLine
		$3.ElseNewLinePlacement = NewLine
		$3.CatchNewLinePlacement = NewLine
		$3.FinallyNewLinePlacement = NewLine
		$3.WhileNewLinePlacement = DoNotCare
		$3.ArrayInitializerWrapping = DoNotChange
		$3.ArrayInitializerBraceStyle = NextLine
		$3.BeforeMethodDeclarationParentheses = False
		$3.BeforeMethodCallParentheses = False
		$3.BeforeConstructorDeclarationParentheses = False
		$3.NewLineBeforeConstructorInitializerColon = NewLine
		$3.NewLineAfterConstructorInitializerColon = SameLine
		$3.BeforeDelegateDeclarationParentheses = False
		$3.NewParentheses = False
		$3.SpacesBeforeBrackets = False
		$3.inheritsSet = Mono
		$3.inheritsScope = text/x-csharp
		$3.scope = text/x-csharp
	EndGlobalSection
EndGlobal
