
Microsoft Visual Studio Solution File, Format Version 12.00
# Visual Studio 14
VisualStudioVersion = 14.0.25420.1
MinimumVisualStudioVersion = 10.0.40219.1
Project("{FAE04EC0-301F-11D3-BF4B-00C04F79EFBC}") = "Hero6.DesktopGL", "Hero6.DesktopGL\Hero6.DesktopGL.csproj", "{BB1758DB-3B4B-4F61-9272-F08F56E4C71C}"
EndProject
Project("{2150E333-8FDC-42A3-9474-1A3956D46DE8}") = "Applications", "Applications", "{887BCA83-96AC-4E83-BAF5-567626AF670B}"
EndProject
Project("{2150E333-8FDC-42A3-9474-1A3956D46DE8}") = "Campaigns", "Campaigns", "{EBCC2EA9-CA3F-4409-A052-58D4AE69E967}"
EndProject
Project("{FAE04EC0-301F-11D3-BF4B-00C04F79EFBC}") = "Hero6.Campaigns.RitesOfPassage", "Hero6.Campaigns.RitesOfPassage\Hero6.Campaigns.RitesOfPassage.csproj", "{DE807934-27EC-43A8-831F-15371284F11F}"
EndProject
Project("{2150E333-8FDC-42A3-9474-1A3956D46DE8}") = "Libraries", "Libraries", "{C7901A1A-E22C-468F-9E9A-9A891598E7D8}"
EndProject
Project("{FAE04EC0-301F-11D3-BF4B-00C04F79EFBC}") = "Collections", "Collections\Collections.csproj", "{596686F9-B236-4626-9841-CBB303EA58C7}"
EndProject
Project("{FAE04EC0-301F-11D3-BF4B-00C04F79EFBC}") = "Search", "Search\Search.csproj", "{5C4A5D3D-46CF-4DDD-A64D-D3043458E2D3}"
EndProject
Project("{2150E333-8FDC-42A3-9474-1A3956D46DE8}") = "Tests", "Tests", "{CB9FBBED-6835-4C03-AC4B-60ED8763AFC9}"
EndProject
Project("{D954291E-2A0B-460D-934E-DC6B0785DB48}") = "Hero6", "Hero6\Hero6.shproj", "{DF3851F5-AEA2-4D44-BAB1-88E63C470F30}"
EndProject
Project("{FAE04EC0-301F-11D3-BF4B-00C04F79EFBC}") = "AdventureGame", "AdventureGame\AdventureGame.csproj", "{0C0586A3-5A10-42CE-B609-CC80EE2CEF7A}"
EndProject
Project("{FAE04EC0-301F-11D3-BF4B-00C04F79EFBC}") = "Collections.Tests", "Collections.Tests\Collections.Tests.csproj", "{6BEE8AAC-A058-40B2-9009-76416AA682BA}"
EndProject
Project("{FAE04EC0-301F-11D3-BF4B-00C04F79EFBC}") = "Search.Tests", "Search.Tests\Search.Tests.csproj", "{18480A92-0609-481E-99AD-6C3346829573}"
EndProject
Project("{2150E333-8FDC-42A3-9474-1A3956D46DE8}") = ".paket", ".paket", "{8FAAE2BE-CD26-4E95-94AC-B2040AA7C8BA}"
	ProjectSection(SolutionItems) = preProject
		paket.dependencies = paket.dependencies
	EndProjectSection
EndProject
Project("{FAE04EC0-301F-11D3-BF4B-00C04F79EFBC}") = "Hero6.UserInterfaces.SierraVga", "Hero6.UserInterfaces.SierraVga\Hero6.UserInterfaces.SierraVga.csproj", "{9C6A0DA4-892E-45C0-AFC7-B6D46F940329}"
EndProject
Project("{D954291E-2A0B-460D-934E-DC6B0785DB48}") = "Hero6.Tests", "Hero6.Tests\Hero6.Tests.shproj", "{B59E1A53-68B3-4D31-8B69-CEFC3D5CEBB4}"
EndProject
Project("{FAE04EC0-301F-11D3-BF4B-00C04F79EFBC}") = "Hero6.DesktopGL.Tests", "Hero6.DesktopGL.Tests\Hero6.DesktopGL.Tests.csproj", "{104B4CAF-4818-45DC-A772-2F5279C73E5A}"
EndProject
Project("{2150E333-8FDC-42A3-9474-1A3956D46DE8}") = "GUIs", "GUIs", "{863F4FF3-CB11-4C12-B99F-AA8CB0D9787D}"
EndProject
Project("{FAE04EC0-301F-11D3-BF4B-00C04F79EFBC}") = "AdventureGame.Tests", "AdventureGame.Tests\AdventureGame.Tests.csproj", "{5CD0CA14-E1C3-4CDA-9DEA-B22CB116DEAA}"
EndProject
Global
	GlobalSection(SharedMSBuildProjectFiles) = preSolution
		Hero6.Tests\Hero6.Tests.projitems*{104b4caf-4818-45dc-a772-2f5279c73e5a}*SharedItemsImports = 4
		Hero6\Hero6.projitems*{104b4caf-4818-45dc-a772-2f5279c73e5a}*SharedItemsImports = 4
		Hero6.Tests\Hero6.Tests.projitems*{b59e1a53-68b3-4d31-8b69-cefc3d5cebb4}*SharedItemsImports = 13
		Hero6\Hero6.projitems*{bb1758db-3b4b-4f61-9272-f08f56e4c71c}*SharedItemsImports = 4
		Hero6\Hero6.projitems*{df3851f5-aea2-4d44-bab1-88e63c470f30}*SharedItemsImports = 13
	EndGlobalSection
	GlobalSection(SolutionConfigurationPlatforms) = preSolution
		Debug|Any CPU = Debug|Any CPU
		Debug|x86 = Debug|x86
		Release|Any CPU = Release|Any CPU
		Release|x86 = Release|x86
	EndGlobalSection
	GlobalSection(ProjectConfigurationPlatforms) = postSolution
		{BB1758DB-3B4B-4F61-9272-F08F56E4C71C}.Debug|Any CPU.ActiveCfg = Debug|x86
		{BB1758DB-3B4B-4F61-9272-F08F56E4C71C}.Debug|Any CPU.Build.0 = Debug|x86
		{BB1758DB-3B4B-4F61-9272-F08F56E4C71C}.Debug|x86.ActiveCfg = Debug|x86
		{BB1758DB-3B4B-4F61-9272-F08F56E4C71C}.Debug|x86.Build.0 = Debug|x86
		{BB1758DB-3B4B-4F61-9272-F08F56E4C71C}.Release|Any CPU.ActiveCfg = Release|x86
		{BB1758DB-3B4B-4F61-9272-F08F56E4C71C}.Release|Any CPU.Build.0 = Release|x86
		{BB1758DB-3B4B-4F61-9272-F08F56E4C71C}.Release|x86.ActiveCfg = Release|x86
		{BB1758DB-3B4B-4F61-9272-F08F56E4C71C}.Release|x86.Build.0 = Release|x86
		{DE807934-27EC-43A8-831F-15371284F11F}.Debug|Any CPU.ActiveCfg = Debug|Any CPU
		{DE807934-27EC-43A8-831F-15371284F11F}.Debug|Any CPU.Build.0 = Debug|Any CPU
		{DE807934-27EC-43A8-831F-15371284F11F}.Debug|x86.ActiveCfg = Debug|Any CPU
		{DE807934-27EC-43A8-831F-15371284F11F}.Debug|x86.Build.0 = Debug|Any CPU
		{DE807934-27EC-43A8-831F-15371284F11F}.Release|Any CPU.ActiveCfg = Release|Any CPU
		{DE807934-27EC-43A8-831F-15371284F11F}.Release|Any CPU.Build.0 = Release|Any CPU
		{DE807934-27EC-43A8-831F-15371284F11F}.Release|x86.ActiveCfg = Release|Any CPU
		{DE807934-27EC-43A8-831F-15371284F11F}.Release|x86.Build.0 = Release|Any CPU
		{596686F9-B236-4626-9841-CBB303EA58C7}.Debug|Any CPU.ActiveCfg = Debug|Any CPU
		{596686F9-B236-4626-9841-CBB303EA58C7}.Debug|Any CPU.Build.0 = Debug|Any CPU
		{596686F9-B236-4626-9841-CBB303EA58C7}.Debug|x86.ActiveCfg = Debug|Any CPU
		{596686F9-B236-4626-9841-CBB303EA58C7}.Debug|x86.Build.0 = Debug|Any CPU
		{596686F9-B236-4626-9841-CBB303EA58C7}.Release|Any CPU.ActiveCfg = Release|Any CPU
		{596686F9-B236-4626-9841-CBB303EA58C7}.Release|Any CPU.Build.0 = Release|Any CPU
		{596686F9-B236-4626-9841-CBB303EA58C7}.Release|x86.ActiveCfg = Release|Any CPU
		{596686F9-B236-4626-9841-CBB303EA58C7}.Release|x86.Build.0 = Release|Any CPU
		{5C4A5D3D-46CF-4DDD-A64D-D3043458E2D3}.Debug|Any CPU.ActiveCfg = Debug|Any CPU
		{5C4A5D3D-46CF-4DDD-A64D-D3043458E2D3}.Debug|Any CPU.Build.0 = Debug|Any CPU
		{5C4A5D3D-46CF-4DDD-A64D-D3043458E2D3}.Debug|x86.ActiveCfg = Debug|Any CPU
		{5C4A5D3D-46CF-4DDD-A64D-D3043458E2D3}.Debug|x86.Build.0 = Debug|Any CPU
		{5C4A5D3D-46CF-4DDD-A64D-D3043458E2D3}.Release|Any CPU.ActiveCfg = Release|Any CPU
		{5C4A5D3D-46CF-4DDD-A64D-D3043458E2D3}.Release|Any CPU.Build.0 = Release|Any CPU
		{5C4A5D3D-46CF-4DDD-A64D-D3043458E2D3}.Release|x86.ActiveCfg = Release|Any CPU
		{5C4A5D3D-46CF-4DDD-A64D-D3043458E2D3}.Release|x86.Build.0 = Release|Any CPU
		{0C0586A3-5A10-42CE-B609-CC80EE2CEF7A}.Debug|Any CPU.ActiveCfg = Debug|Any CPU
		{0C0586A3-5A10-42CE-B609-CC80EE2CEF7A}.Debug|Any CPU.Build.0 = Debug|Any CPU
		{0C0586A3-5A10-42CE-B609-CC80EE2CEF7A}.Debug|x86.ActiveCfg = Debug|Any CPU
		{0C0586A3-5A10-42CE-B609-CC80EE2CEF7A}.Debug|x86.Build.0 = Debug|Any CPU
		{0C0586A3-5A10-42CE-B609-CC80EE2CEF7A}.Release|Any CPU.ActiveCfg = Release|Any CPU
		{0C0586A3-5A10-42CE-B609-CC80EE2CEF7A}.Release|Any CPU.Build.0 = Release|Any CPU
		{0C0586A3-5A10-42CE-B609-CC80EE2CEF7A}.Release|x86.ActiveCfg = Release|Any CPU
		{0C0586A3-5A10-42CE-B609-CC80EE2CEF7A}.Release|x86.Build.0 = Release|Any CPU
		{6BEE8AAC-A058-40B2-9009-76416AA682BA}.Debug|Any CPU.ActiveCfg = Debug|Any CPU
		{6BEE8AAC-A058-40B2-9009-76416AA682BA}.Debug|Any CPU.Build.0 = Debug|Any CPU
		{6BEE8AAC-A058-40B2-9009-76416AA682BA}.Debug|x86.ActiveCfg = Debug|Any CPU
		{6BEE8AAC-A058-40B2-9009-76416AA682BA}.Debug|x86.Build.0 = Debug|Any CPU
		{6BEE8AAC-A058-40B2-9009-76416AA682BA}.Release|Any CPU.ActiveCfg = Release|Any CPU
		{6BEE8AAC-A058-40B2-9009-76416AA682BA}.Release|Any CPU.Build.0 = Release|Any CPU
		{6BEE8AAC-A058-40B2-9009-76416AA682BA}.Release|x86.ActiveCfg = Release|Any CPU
		{6BEE8AAC-A058-40B2-9009-76416AA682BA}.Release|x86.Build.0 = Release|Any CPU
		{18480A92-0609-481E-99AD-6C3346829573}.Debug|Any CPU.ActiveCfg = Debug|Any CPU
		{18480A92-0609-481E-99AD-6C3346829573}.Debug|Any CPU.Build.0 = Debug|Any CPU
		{18480A92-0609-481E-99AD-6C3346829573}.Debug|x86.ActiveCfg = Debug|Any CPU
		{18480A92-0609-481E-99AD-6C3346829573}.Debug|x86.Build.0 = Debug|Any CPU
		{18480A92-0609-481E-99AD-6C3346829573}.Release|Any CPU.ActiveCfg = Release|Any CPU
		{18480A92-0609-481E-99AD-6C3346829573}.Release|Any CPU.Build.0 = Release|Any CPU
		{18480A92-0609-481E-99AD-6C3346829573}.Release|x86.ActiveCfg = Release|Any CPU
		{18480A92-0609-481E-99AD-6C3346829573}.Release|x86.Build.0 = Release|Any CPU
		{9C6A0DA4-892E-45C0-AFC7-B6D46F940329}.Debug|Any CPU.ActiveCfg = Debug|Any CPU
		{9C6A0DA4-892E-45C0-AFC7-B6D46F940329}.Debug|Any CPU.Build.0 = Debug|Any CPU
		{9C6A0DA4-892E-45C0-AFC7-B6D46F940329}.Debug|x86.ActiveCfg = Debug|Any CPU
		{9C6A0DA4-892E-45C0-AFC7-B6D46F940329}.Debug|x86.Build.0 = Debug|Any CPU
		{9C6A0DA4-892E-45C0-AFC7-B6D46F940329}.Release|Any CPU.ActiveCfg = Release|Any CPU
		{9C6A0DA4-892E-45C0-AFC7-B6D46F940329}.Release|Any CPU.Build.0 = Release|Any CPU
		{9C6A0DA4-892E-45C0-AFC7-B6D46F940329}.Release|x86.ActiveCfg = Release|Any CPU
		{9C6A0DA4-892E-45C0-AFC7-B6D46F940329}.Release|x86.Build.0 = Release|Any CPU
		{104B4CAF-4818-45DC-A772-2F5279C73E5A}.Debug|Any CPU.ActiveCfg = Debug|Any CPU
		{104B4CAF-4818-45DC-A772-2F5279C73E5A}.Debug|Any CPU.Build.0 = Debug|Any CPU
		{104B4CAF-4818-45DC-A772-2F5279C73E5A}.Debug|x86.ActiveCfg = Debug|Any CPU
		{104B4CAF-4818-45DC-A772-2F5279C73E5A}.Debug|x86.Build.0 = Debug|Any CPU
		{104B4CAF-4818-45DC-A772-2F5279C73E5A}.Release|Any CPU.ActiveCfg = Release|Any CPU
		{104B4CAF-4818-45DC-A772-2F5279C73E5A}.Release|Any CPU.Build.0 = Release|Any CPU
		{104B4CAF-4818-45DC-A772-2F5279C73E5A}.Release|x86.ActiveCfg = Release|Any CPU
		{104B4CAF-4818-45DC-A772-2F5279C73E5A}.Release|x86.Build.0 = Release|Any CPU
		{5CD0CA14-E1C3-4CDA-9DEA-B22CB116DEAA}.Debug|Any CPU.ActiveCfg = Debug|Any CPU
		{5CD0CA14-E1C3-4CDA-9DEA-B22CB116DEAA}.Debug|Any CPU.Build.0 = Debug|Any CPU
		{5CD0CA14-E1C3-4CDA-9DEA-B22CB116DEAA}.Debug|x86.ActiveCfg = Debug|Any CPU
		{5CD0CA14-E1C3-4CDA-9DEA-B22CB116DEAA}.Debug|x86.Build.0 = Debug|Any CPU
		{5CD0CA14-E1C3-4CDA-9DEA-B22CB116DEAA}.Release|Any CPU.ActiveCfg = Release|Any CPU
		{5CD0CA14-E1C3-4CDA-9DEA-B22CB116DEAA}.Release|Any CPU.Build.0 = Release|Any CPU
		{5CD0CA14-E1C3-4CDA-9DEA-B22CB116DEAA}.Release|x86.ActiveCfg = Release|Any CPU
		{5CD0CA14-E1C3-4CDA-9DEA-B22CB116DEAA}.Release|x86.Build.0 = Release|Any CPU
	EndGlobalSection
	GlobalSection(SolutionProperties) = preSolution
		HideSolutionNode = FALSE
	EndGlobalSection
	GlobalSection(NestedProjects) = preSolution
		{BB1758DB-3B4B-4F61-9272-F08F56E4C71C} = {887BCA83-96AC-4E83-BAF5-567626AF670B}
		{DE807934-27EC-43A8-831F-15371284F11F} = {EBCC2EA9-CA3F-4409-A052-58D4AE69E967}
		{596686F9-B236-4626-9841-CBB303EA58C7} = {C7901A1A-E22C-468F-9E9A-9A891598E7D8}
		{5C4A5D3D-46CF-4DDD-A64D-D3043458E2D3} = {C7901A1A-E22C-468F-9E9A-9A891598E7D8}
		{DF3851F5-AEA2-4D44-BAB1-88E63C470F30} = {887BCA83-96AC-4E83-BAF5-567626AF670B}
		{0C0586A3-5A10-42CE-B609-CC80EE2CEF7A} = {C7901A1A-E22C-468F-9E9A-9A891598E7D8}
		{6BEE8AAC-A058-40B2-9009-76416AA682BA} = {CB9FBBED-6835-4C03-AC4B-60ED8763AFC9}
		{18480A92-0609-481E-99AD-6C3346829573} = {CB9FBBED-6835-4C03-AC4B-60ED8763AFC9}
		{9C6A0DA4-892E-45C0-AFC7-B6D46F940329} = {863F4FF3-CB11-4C12-B99F-AA8CB0D9787D}
		{B59E1A53-68B3-4D31-8B69-CEFC3D5CEBB4} = {CB9FBBED-6835-4C03-AC4B-60ED8763AFC9}
		{104B4CAF-4818-45DC-A772-2F5279C73E5A} = {CB9FBBED-6835-4C03-AC4B-60ED8763AFC9}
		{5CD0CA14-E1C3-4CDA-9DEA-B22CB116DEAA} = {CB9FBBED-6835-4C03-AC4B-60ED8763AFC9}
	EndGlobalSection
	GlobalSection(MonoDevelopProperties) = preSolution
		Policies = $0
		$0.DotNetNamingPolicy = $1
		$1.DirectoryNamespaceAssociation = None
		$1.ResourceNamePolicy = FileFormatDefault
		$0.TextStylePolicy = $2
		$2.FileWidth = 100
		$2.inheritsSet = VisualStudio
		$2.inheritsScope = text/plain
		$2.scope = text/x-csharp
		$0.CSharpFormattingPolicy = $3
		$3.IndentSwitchBody = True
		$3.IndentBlocksInsideExpressions = True
		$3.AnonymousMethodBraceStyle = NextLine
		$3.PropertyBraceStyle = NextLine
		$3.PropertyGetBraceStyle = NextLine
		$3.PropertySetBraceStyle = NextLine
		$3.EventBraceStyle = NextLine
		$3.EventAddBraceStyle = NextLine
		$3.EventRemoveBraceStyle = NextLine
		$3.StatementBraceStyle = NextLine
		$3.ElseNewLinePlacement = NewLine
		$3.CatchNewLinePlacement = NewLine
		$3.FinallyNewLinePlacement = NewLine
		$3.WhileNewLinePlacement = DoNotCare
		$3.ArrayInitializerWrapping = DoNotChange
		$3.ArrayInitializerBraceStyle = NextLine
		$3.BeforeMethodDeclarationParentheses = False
		$3.BeforeMethodCallParentheses = False
		$3.BeforeConstructorDeclarationParentheses = False
		$3.NewLineBeforeConstructorInitializerColon = NewLine
		$3.NewLineAfterConstructorInitializerColon = SameLine
		$3.BeforeDelegateDeclarationParentheses = False
		$3.NewParentheses = False
		$3.SpacesBeforeBrackets = False
		$3.inheritsSet = Mono
		$3.inheritsScope = text/x-csharp
		$3.scope = text/x-csharp
	EndGlobalSection
EndGlobal
