
Microsoft Visual Studio Solution File, Format Version 12.00
# Visual Studio Version 16
VisualStudioVersion = 16.0.29209.62
MinimumVisualStudioVersion = 10.0.40219.1
Project("{9A19103F-16F7-4668-BE54-9A1E7A4F7556}") = "Collections", "Collections\Collections.csproj", "{596686F9-B236-4626-9841-CBB303EA58C7}"
EndProject
Project("{9A19103F-16F7-4668-BE54-9A1E7A4F7556}") = "Search", "Search\Search.csproj", "{5C4A5D3D-46CF-4DDD-A64D-D3043458E2D3}"
EndProject
Project("{9A19103F-16F7-4668-BE54-9A1E7A4F7556}") = "Hero6.Engine", "Hero6.Engine\Hero6.Engine.csproj", "{0C0586A3-5A10-42CE-B609-CC80EE2CEF7A}"
EndProject
Project("{9A19103F-16F7-4668-BE54-9A1E7A4F7556}") = "Hero6.MonoGame.Pipeline", "Hero6.MonoGame.Pipeline\Hero6.MonoGame.Pipeline.csproj", "{43E058BB-A9A5-473F-AD4C-269239BA41E7}"
EndProject
Global
	GlobalSection(SolutionConfigurationPlatforms) = preSolution
		Debug|Any CPU = Debug|Any CPU
		Debug|x86 = Debug|x86
		Release|Any CPU = Release|Any CPU
		Release|x86 = Release|x86
	EndGlobalSection
	GlobalSection(ProjectConfigurationPlatforms) = postSolution
		{596686F9-B236-4626-9841-CBB303EA58C7}.Debug|Any CPU.ActiveCfg = Debug|Any CPU
		{596686F9-B236-4626-9841-CBB303EA58C7}.Debug|Any CPU.Build.0 = Debug|Any CPU
		{596686F9-B236-4626-9841-CBB303EA58C7}.Debug|x86.ActiveCfg = Debug|Any CPU
		{596686F9-B236-4626-9841-CBB303EA58C7}.Debug|x86.Build.0 = Debug|Any CPU
		{596686F9-B236-4626-9841-CBB303EA58C7}.Release|Any CPU.ActiveCfg = Release|Any CPU
		{596686F9-B236-4626-9841-CBB303EA58C7}.Release|Any CPU.Build.0 = Release|Any CPU
		{596686F9-B236-4626-9841-CBB303EA58C7}.Release|x86.ActiveCfg = Release|Any CPU
		{596686F9-B236-4626-9841-CBB303EA58C7}.Release|x86.Build.0 = Release|Any CPU
		{5C4A5D3D-46CF-4DDD-A64D-D3043458E2D3}.Debug|Any CPU.ActiveCfg = Debug|Any CPU
		{5C4A5D3D-46CF-4DDD-A64D-D3043458E2D3}.Debug|Any CPU.Build.0 = Debug|Any CPU
		{5C4A5D3D-46CF-4DDD-A64D-D3043458E2D3}.Debug|x86.ActiveCfg = Debug|Any CPU
		{5C4A5D3D-46CF-4DDD-A64D-D3043458E2D3}.Debug|x86.Build.0 = Debug|Any CPU
		{5C4A5D3D-46CF-4DDD-A64D-D3043458E2D3}.Release|Any CPU.ActiveCfg = Release|Any CPU
		{5C4A5D3D-46CF-4DDD-A64D-D3043458E2D3}.Release|Any CPU.Build.0 = Release|Any CPU
		{5C4A5D3D-46CF-4DDD-A64D-D3043458E2D3}.Release|x86.ActiveCfg = Release|Any CPU
		{5C4A5D3D-46CF-4DDD-A64D-D3043458E2D3}.Release|x86.Build.0 = Release|Any CPU
		{0C0586A3-5A10-42CE-B609-CC80EE2CEF7A}.Debug|Any CPU.ActiveCfg = Debug|Any CPU
		{0C0586A3-5A10-42CE-B609-CC80EE2CEF7A}.Debug|Any CPU.Build.0 = Debug|Any CPU
		{0C0586A3-5A10-42CE-B609-CC80EE2CEF7A}.Debug|x86.ActiveCfg = Debug|Any CPU
		{0C0586A3-5A10-42CE-B609-CC80EE2CEF7A}.Debug|x86.Build.0 = Debug|Any CPU
		{0C0586A3-5A10-42CE-B609-CC80EE2CEF7A}.Release|Any CPU.ActiveCfg = Release|Any CPU
		{0C0586A3-5A10-42CE-B609-CC80EE2CEF7A}.Release|Any CPU.Build.0 = Release|Any CPU
		{0C0586A3-5A10-42CE-B609-CC80EE2CEF7A}.Release|x86.ActiveCfg = Release|Any CPU
		{0C0586A3-5A10-42CE-B609-CC80EE2CEF7A}.Release|x86.Build.0 = Release|Any CPU
		{43E058BB-A9A5-473F-AD4C-269239BA41E7}.Debug|Any CPU.ActiveCfg = Debug|Any CPU
		{43E058BB-A9A5-473F-AD4C-269239BA41E7}.Debug|Any CPU.Build.0 = Debug|Any CPU
		{43E058BB-A9A5-473F-AD4C-269239BA41E7}.Debug|x86.ActiveCfg = Debug|Any CPU
		{43E058BB-A9A5-473F-AD4C-269239BA41E7}.Debug|x86.Build.0 = Debug|Any CPU
		{43E058BB-A9A5-473F-AD4C-269239BA41E7}.Release|Any CPU.ActiveCfg = Release|Any CPU
		{43E058BB-A9A5-473F-AD4C-269239BA41E7}.Release|Any CPU.Build.0 = Release|Any CPU
		{43E058BB-A9A5-473F-AD4C-269239BA41E7}.Release|x86.ActiveCfg = Release|Any CPU
		{43E058BB-A9A5-473F-AD4C-269239BA41E7}.Release|x86.Build.0 = Release|Any CPU
	EndGlobalSection
	GlobalSection(SolutionProperties) = preSolution
		HideSolutionNode = FALSE
	EndGlobalSection
	GlobalSection(ExtensibilityGlobals) = postSolution
		SolutionGuid = {D79F9E72-AE93-4A79-A968-902EC57B5900}
	EndGlobalSection
	GlobalSection(MonoDevelopProperties) = preSolution
		Policies = $0
		$0.DotNetNamingPolicy = $1
		$1.DirectoryNamespaceAssociation = None
		$1.ResourceNamePolicy = FileFormatDefault
		$0.TextStylePolicy = $2
		$2.FileWidth = 100
		$2.inheritsSet = VisualStudio
		$2.inheritsScope = text/plain
		$2.scope = text/x-csharp
		$0.CSharpFormattingPolicy = $3
		$3.IndentSwitchBody = True
		$3.IndentBlocksInsideExpressions = True
		$3.AnonymousMethodBraceStyle = NextLine
		$3.PropertyBraceStyle = NextLine
		$3.PropertyGetBraceStyle = NextLine
		$3.PropertySetBraceStyle = NextLine
		$3.EventBraceStyle = NextLine
		$3.EventAddBraceStyle = NextLine
		$3.EventRemoveBraceStyle = NextLine
		$3.StatementBraceStyle = NextLine
		$3.ElseNewLinePlacement = NewLine
		$3.CatchNewLinePlacement = NewLine
		$3.FinallyNewLinePlacement = NewLine
		$3.WhileNewLinePlacement = DoNotCare
		$3.ArrayInitializerWrapping = DoNotChange
		$3.ArrayInitializerBraceStyle = NextLine
		$3.BeforeMethodDeclarationParentheses = False
		$3.BeforeMethodCallParentheses = False
		$3.BeforeConstructorDeclarationParentheses = False
		$3.NewLineBeforeConstructorInitializerColon = NewLine
		$3.NewLineAfterConstructorInitializerColon = SameLine
		$3.BeforeDelegateDeclarationParentheses = False
		$3.NewParentheses = False
		$3.SpacesBeforeBrackets = False
		$3.inheritsSet = Mono
		$3.inheritsScope = text/x-csharp
		$3.scope = text/x-csharp
	EndGlobalSection
EndGlobal
